{
  "version": 4,
  "terraform_version": "0.13.5",
  "serial": 59,
  "lineage": "3f626f07-0509-f636-6bc7-146a359ff832",
  "outputs": {
    "cluster_endpoint": {
      "value": "https://A8C8C7B364BB1E51D4E4B2BB9C9D5738.yl4.us-east-2.eks.amazonaws.com",
      "type": "string"
    },
    "cluster_id": {
      "value": "training-eks-chwxBQAU",
      "type": "string"
    },
    "cluster_name": {
      "value": "training-eks-chwxBQAU",
      "type": "string"
    },
    "cluster_security_group_id": {
      "value": "sg-09e194a176612ec1a",
      "type": "string"
    },
    "config_map_aws_auth": {
      "value": [
        {
          "binary_data": null,
          "data": {
            "mapAccounts": "[]\n",
            "mapRoles": "- \"groups\":\n  - \"system:bootstrappers\"\n  - \"system:nodes\"\n  \"rolearn\": \"arn:aws:iam::714695812985:role/training-eks-chwxBQAU2020112702200088510000000c\"\n  \"username\": \"system:node:{{EC2PrivateDNSName}}\"\n",
            "mapUsers": "[]\n"
          },
          "id": "kube-system/aws-auth",
          "metadata": [
            {
              "annotations": null,
              "generate_name": "",
              "generation": 0,
              "labels": {
                "app.kubernetes.io/managed-by": "Terraform",
                "terraform.io/module": "terraform-aws-modules.eks.aws"
              },
              "name": "aws-auth",
              "namespace": "kube-system",
              "resource_version": "3631",
              "self_link": "/api/v1/namespaces/kube-system/configmaps/aws-auth",
              "uid": "2f27e396-4813-455d-a281-631696f61e50"
            }
          ]
        }
      ],
      "type": [
        "tuple",
        [
          [
            "object",
            {
              "binary_data": [
                "map",
                "string"
              ],
              "data": [
                "map",
                "string"
              ],
              "id": "string",
              "metadata": [
                "list",
                [
                  "object",
                  {
                    "annotations": [
                      "map",
                      "string"
                    ],
                    "generate_name": "string",
                    "generation": "number",
                    "labels": [
                      "map",
                      "string"
                    ],
                    "name": "string",
                    "namespace": "string",
                    "resource_version": "string",
                    "self_link": "string",
                    "uid": "string"
                  }
                ]
              ]
            }
          ]
        ]
      ]
    },
    "kubectl_config": {
      "value": "apiVersion: v1\npreferences: {}\nkind: Config\n\nclusters:\n- cluster:\n    server: https://A8C8C7B364BB1E51D4E4B2BB9C9D5738.yl4.us-east-2.eks.amazonaws.com\n    certificate-authority-data: LS0tLS1CRUdJTiBDRVJUSUZJQ0FURS0tLS0tCk1JSUN5RENDQWJDZ0F3SUJBZ0lCQURBTkJna3Foa2lHOXcwQkFRc0ZBREFWTVJNd0VRWURWUVFERXdwcmRXSmwKY201bGRHVnpNQjRYRFRJd01URXlOekF4TlRrd09Gb1hEVE13TVRFeU5UQXhOVGt3T0Zvd0ZURVRNQkVHQTFVRQpBeE1LYTNWaVpYSnVaWFJsY3pDQ0FTSXdEUVlKS29aSWh2Y05BUUVCQlFBRGdnRVBBRENDQVFvQ2dnRUJBS3BwCjB4TmkzQVAxaXF3bkVOOFp3aWcySWFsV3VmT0NvSmNGRkd6UnZyazdLbzJGTlE1N3BsbGxaWVdZL3IzN3pncEgKYk1FeGxZRm9XSzJWTkU0Z1lvbVM3NkNBSGtac1BvMHpqM2hTTkRwaWE3ZFgwWE1NRVJlSjBTcHhsMnZHa1FkdwpuYUFJd3hCRURvdXc3QkplWTEwbEQyR3NaVmJOZUJxZW4rRTF5M3d0VU4rQkZOOE0waVRGaXNxQ3l1WGVqdU9ZClRiK3VxbEV3TjNsQnhrb2V1ekZaZk5UendDTW0zb1hhNlF2ZFFzZ3FBWVBPRGwrSVI1eDBEU0xHazFvRVFrL3EKS1lRYUl2N1N1MWh1MmFLTVBvQ1NNcXZjMVJCTzJqaGxoTEI1eGNRK1B4SFpJTWFpM0F6dUluTnFsS2RVTHpkcwp3WjJ1cWEvZ0lFRDdxWkhMbnRjQ0F3RUFBYU1qTUNFd0RnWURWUjBQQVFIL0JBUURBZ0trTUE4R0ExVWRFd0VCCi93UUZNQU1CQWY4d0RRWUpLb1pJaHZjTkFRRUxCUUFEZ2dFQkFJSHhWNHYvM0Q3L2ZSVEVjVmpHRndydy9Lb1YKWmJPVU9VMWl0Y3V1cHkySzA1MVM2N1F6VzBhMFpiNWI2TGJnbWp4RHZvNEh3bU13NFh3aUxURk9PemZrSkh5dApoeFdTQVJjN01GOGl2MWlzMEsxL3dHYmJiWFppd0ZNOVkrTExCME4vVDVZdThpTjR4aTRuR3dLcEZKYmI0LzFPCjdqNVVWSHFsRjYzRXU2WTFEaWNpazJhdWp5cHBBejF5QmQ2MlVCZlM5c1IxekxlUENCMTh2dGZDTDI1RUpTTnUKdTRacFl3Q1dRNllSN1ZPMUtIcFVqRXFOWFY2dGZONm5ITUMybGdWemNkbEtsTXdEMFc2bnluZWQyU0RpU250UwpWbjNoRFBsanp2VWM0dmVKajhaUERsQXRpRlRZQ2lKN01PTkZoTjQ0aTcrRktjTUZRNTAvT1NJUjVDdz0KLS0tLS1FTkQgQ0VSVElGSUNBVEUtLS0tLQo=\n  name: eks_training-eks-chwxBQAU\n\ncontexts:\n- context:\n    cluster: eks_training-eks-chwxBQAU\n    user: eks_training-eks-chwxBQAU\n  name: eks_training-eks-chwxBQAU\n\ncurrent-context: eks_training-eks-chwxBQAU\n\nusers:\n- name: eks_training-eks-chwxBQAU\n  user:\n    exec:\n      apiVersion: client.authentication.k8s.io/v1alpha1\n      command: aws-iam-authenticator\n      args:\n        - \"token\"\n        - \"-i\"\n        - \"training-eks-chwxBQAU\"\n",
      "type": "string"
    },
    "region": {
      "value": "us-east-2",
      "type": "string"
    }
  },
  "resources": [
    {
      "mode": "data",
      "type": "aws_availability_zones",
      "name": "available",
      "provider": "provider[\"registry.terraform.io/hashicorp/aws\"]",
      "instances": [
        {
          "schema_version": 0,
          "attributes": {
            "all_availability_zones": null,
            "exclude_names": null,
            "exclude_zone_ids": null,
            "filter": null,
            "group_names": [
              "us-east-2"
            ],
            "id": "us-east-2",
            "names": [
              "us-east-2a",
              "us-east-2b",
              "us-east-2c"
            ],
            "state": null,
            "zone_ids": [
              "use2-az1",
              "use2-az2",
              "use2-az3"
            ]
          }
        }
      ]
    },
    {
      "mode": "data",
      "type": "aws_eks_cluster",
      "name": "cluster",
      "provider": "provider[\"registry.terraform.io/hashicorp/aws\"]",
      "instances": [
        {
          "schema_version": 0,
          "attributes": {
            "arn": "arn:aws:eks:us-east-2:714695812985:cluster/training-eks-chwxBQAU",
            "certificate_authority": [
              {
                "data": "LS0tLS1CRUdJTiBDRVJUSUZJQ0FURS0tLS0tCk1JSUN5RENDQWJDZ0F3SUJBZ0lCQURBTkJna3Foa2lHOXcwQkFRc0ZBREFWTVJNd0VRWURWUVFERXdwcmRXSmwKY201bGRHVnpNQjRYRFRJd01URXlOekF4TlRrd09Gb1hEVE13TVRFeU5UQXhOVGt3T0Zvd0ZURVRNQkVHQTFVRQpBeE1LYTNWaVpYSnVaWFJsY3pDQ0FTSXdEUVlKS29aSWh2Y05BUUVCQlFBRGdnRVBBRENDQVFvQ2dnRUJBS3BwCjB4TmkzQVAxaXF3bkVOOFp3aWcySWFsV3VmT0NvSmNGRkd6UnZyazdLbzJGTlE1N3BsbGxaWVdZL3IzN3pncEgKYk1FeGxZRm9XSzJWTkU0Z1lvbVM3NkNBSGtac1BvMHpqM2hTTkRwaWE3ZFgwWE1NRVJlSjBTcHhsMnZHa1FkdwpuYUFJd3hCRURvdXc3QkplWTEwbEQyR3NaVmJOZUJxZW4rRTF5M3d0VU4rQkZOOE0waVRGaXNxQ3l1WGVqdU9ZClRiK3VxbEV3TjNsQnhrb2V1ekZaZk5UendDTW0zb1hhNlF2ZFFzZ3FBWVBPRGwrSVI1eDBEU0xHazFvRVFrL3EKS1lRYUl2N1N1MWh1MmFLTVBvQ1NNcXZjMVJCTzJqaGxoTEI1eGNRK1B4SFpJTWFpM0F6dUluTnFsS2RVTHpkcwp3WjJ1cWEvZ0lFRDdxWkhMbnRjQ0F3RUFBYU1qTUNFd0RnWURWUjBQQVFIL0JBUURBZ0trTUE4R0ExVWRFd0VCCi93UUZNQU1CQWY4d0RRWUpLb1pJaHZjTkFRRUxCUUFEZ2dFQkFJSHhWNHYvM0Q3L2ZSVEVjVmpHRndydy9Lb1YKWmJPVU9VMWl0Y3V1cHkySzA1MVM2N1F6VzBhMFpiNWI2TGJnbWp4RHZvNEh3bU13NFh3aUxURk9PemZrSkh5dApoeFdTQVJjN01GOGl2MWlzMEsxL3dHYmJiWFppd0ZNOVkrTExCME4vVDVZdThpTjR4aTRuR3dLcEZKYmI0LzFPCjdqNVVWSHFsRjYzRXU2WTFEaWNpazJhdWp5cHBBejF5QmQ2MlVCZlM5c1IxekxlUENCMTh2dGZDTDI1RUpTTnUKdTRacFl3Q1dRNllSN1ZPMUtIcFVqRXFOWFY2dGZONm5ITUMybGdWemNkbEtsTXdEMFc2bnluZWQyU0RpU250UwpWbjNoRFBsanp2VWM0dmVKajhaUERsQXRpRlRZQ2lKN01PTkZoTjQ0aTcrRktjTUZRNTAvT1NJUjVDdz0KLS0tLS1FTkQgQ0VSVElGSUNBVEUtLS0tLQo="
              }
            ],
            "created_at": "2020-11-27 01:50:15.727 +0000 UTC",
            "enabled_cluster_log_types": [],
            "endpoint": "https://A8C8C7B364BB1E51D4E4B2BB9C9D5738.yl4.us-east-2.eks.amazonaws.com",
            "id": "training-eks-chwxBQAU",
            "identity": [
              {
                "oidc": [
                  {
                    "issuer": "https://oidc.eks.us-east-2.amazonaws.com/id/A8C8C7B364BB1E51D4E4B2BB9C9D5738"
                  }
                ]
              }
            ],
            "name": "training-eks-chwxBQAU",
            "platform_version": "eks.5",
            "role_arn": "arn:aws:iam::714695812985:role/training-eks-chwxBQAU20201127015002472600000002",
            "status": "ACTIVE",
            "tags": {
              "Environment": "training",
              "GithubOrg": "terraform-aws-modules",
              "GithubRepo": "terraform-aws-eks"
            },
            "version": "1.17",
            "vpc_config": [
              {
                "cluster_security_group_id": "sg-07333986dcedbfe09",
                "endpoint_private_access": false,
                "endpoint_public_access": true,
                "public_access_cidrs": [
                  "0.0.0.0/0"
                ],
                "security_group_ids": [
                  "sg-09e194a176612ec1a"
                ],
                "subnet_ids": [
                  "subnet-0205fd47efd5b5b00",
                  "subnet-06db2edd9305162c3",
                  "subnet-0beb18de7569a7290"
                ],
                "vpc_id": "vpc-0ffd122a836d730ff"
              }
            ]
          }
        }
      ]
    },
    {
      "mode": "data",
      "type": "aws_eks_cluster_auth",
      "name": "cluster",
      "provider": "provider[\"registry.terraform.io/hashicorp/aws\"]",
      "instances": [
        {
          "schema_version": 0,
          "attributes": {
            "id": "training-eks-chwxBQAU",
            "name": "training-eks-chwxBQAU",
            "token": "k8s-aws-v1.aHR0cHM6Ly9zdHMuYW1hem9uYXdzLmNvbS8_QWN0aW9uPUdldENhbGxlcklkZW50aXR5JlZlcnNpb249MjAxMS0wNi0xNSZYLUFtei1BbGdvcml0aG09QVdTNC1ITUFDLVNIQTI1NiZYLUFtei1DcmVkZW50aWFsPUFLSUEyTVpaUVU1NFhTN1VSNklaJTJGMjAyMDExMjclMkZ1cy1lYXN0LTElMkZzdHMlMkZhd3M0X3JlcXVlc3QmWC1BbXotRGF0ZT0yMDIwMTEyN1QwMjIwMDFaJlgtQW16LUV4cGlyZXM9MCZYLUFtei1TaWduZWRIZWFkZXJzPWhvc3QlM0J4LWs4cy1hd3MtaWQmWC1BbXotU2lnbmF0dXJlPTI1OGUwZTE3MGYzYzgzMGYxNjEzOTEzYzI0ZGFlYjYzNGJiNGY2M2FjYzZmYjc4MmVjNjA4NWIyMDU2MzM1Yjg"
          }
        }
      ]
    },
    {
      "mode": "managed",
      "type": "aws_security_group",
      "name": "all_worker_mgmt",
      "provider": "provider[\"registry.terraform.io/hashicorp/aws\"]",
      "instances": [
        {
          "schema_version": 1,
          "attributes": {
            "arn": "arn:aws:ec2:us-east-2:714695812985:security-group/sg-0c98592700d59e4bc",
            "description": "Managed by Terraform",
            "egress": [],
            "id": "sg-0c98592700d59e4bc",
            "ingress": [
              {
                "cidr_blocks": [
                  "10.0.0.0/8",
                  "172.16.0.0/12",
                  "192.168.0.0/16"
                ],
                "description": "",
                "from_port": 22,
                "ipv6_cidr_blocks": [],
                "prefix_list_ids": [],
                "protocol": "tcp",
                "security_groups": [],
                "self": false,
                "to_port": 22
              }
            ],
            "name": "all_worker_management20201127015008207400000008",
            "name_prefix": "all_worker_management",
            "owner_id": "714695812985",
            "revoke_rules_on_delete": false,
            "tags": null,
            "timeouts": null,
            "vpc_id": "vpc-0ffd122a836d730ff"
          },
          "private": "eyJlMmJmYjczMC1lY2FhLTExZTYtOGY4OC0zNDM2M2JjN2M0YzAiOnsiY3JlYXRlIjo2MDAwMDAwMDAwMDAsImRlbGV0ZSI6NjAwMDAwMDAwMDAwfSwic2NoZW1hX3ZlcnNpb24iOiIxIn0=",
          "dependencies": [
            "module.vpc.aws_vpc.this",
            "random_string.suffix"
          ]
        }
      ]
    },
    {
      "mode": "managed",
      "type": "aws_security_group",
      "name": "worker_group_mgmt_one",
      "provider": "provider[\"registry.terraform.io/hashicorp/aws\"]",
      "instances": [
        {
          "schema_version": 1,
          "attributes": {
            "arn": "arn:aws:ec2:us-east-2:714695812985:security-group/sg-0ae6ef71b7affa88b",
            "description": "Managed by Terraform",
            "egress": [],
            "id": "sg-0ae6ef71b7affa88b",
            "ingress": [
              {
                "cidr_blocks": [
                  "10.0.0.0/8"
                ],
                "description": "",
                "from_port": 22,
                "ipv6_cidr_blocks": [],
                "prefix_list_ids": [],
                "protocol": "tcp",
                "security_groups": [],
                "self": false,
                "to_port": 22
              }
            ],
            "name": "worker_group_mgmt_one20201127015008177100000007",
            "name_prefix": "worker_group_mgmt_one",
            "owner_id": "714695812985",
            "revoke_rules_on_delete": false,
            "tags": null,
            "timeouts": null,
            "vpc_id": "vpc-0ffd122a836d730ff"
          },
          "private": "eyJlMmJmYjczMC1lY2FhLTExZTYtOGY4OC0zNDM2M2JjN2M0YzAiOnsiY3JlYXRlIjo2MDAwMDAwMDAwMDAsImRlbGV0ZSI6NjAwMDAwMDAwMDAwfSwic2NoZW1hX3ZlcnNpb24iOiIxIn0=",
          "dependencies": [
            "module.vpc.aws_vpc.this",
            "random_string.suffix"
          ],
          "create_before_destroy": true
        }
      ]
    },
    {
      "mode": "managed",
      "type": "aws_security_group",
      "name": "worker_group_mgmt_two",
      "provider": "provider[\"registry.terraform.io/hashicorp/aws\"]",
      "instances": [
        {
          "schema_version": 1,
          "attributes": {
            "arn": "arn:aws:ec2:us-east-2:714695812985:security-group/sg-030392a2bb95ac472",
            "description": "Managed by Terraform",
            "egress": [],
            "id": "sg-030392a2bb95ac472",
            "ingress": [
              {
                "cidr_blocks": [
                  "192.168.0.0/16"
                ],
                "description": "",
                "from_port": 22,
                "ipv6_cidr_blocks": [],
                "prefix_list_ids": [],
                "protocol": "tcp",
                "security_groups": [],
                "self": false,
                "to_port": 22
              }
            ],
            "name": "worker_group_mgmt_two20201127015008243100000009",
            "name_prefix": "worker_group_mgmt_two",
            "owner_id": "714695812985",
            "revoke_rules_on_delete": false,
            "tags": null,
            "timeouts": null,
            "vpc_id": "vpc-0ffd122a836d730ff"
          },
          "private": "eyJlMmJmYjczMC1lY2FhLTExZTYtOGY4OC0zNDM2M2JjN2M0YzAiOnsiY3JlYXRlIjo2MDAwMDAwMDAwMDAsImRlbGV0ZSI6NjAwMDAwMDAwMDAwfSwic2NoZW1hX3ZlcnNpb24iOiIxIn0=",
          "dependencies": [
            "module.vpc.aws_vpc.this",
            "random_string.suffix"
          ],
          "create_before_destroy": true
        }
      ]
    },
    {
      "mode": "managed",
      "type": "random_string",
      "name": "suffix",
      "provider": "provider[\"registry.terraform.io/hashicorp/random\"]",
      "instances": [
        {
          "schema_version": 1,
          "attributes": {
            "id": "chwxBQAU",
            "keepers": null,
            "length": 8,
            "lower": true,
            "min_lower": 0,
            "min_numeric": 0,
            "min_special": 0,
            "min_upper": 0,
            "number": true,
            "override_special": null,
            "result": "chwxBQAU",
            "special": false,
            "upper": true
          },
          "private": "eyJzY2hlbWFfdmVyc2lvbiI6IjEifQ==",
          "create_before_destroy": true
        }
      ]
    },
    {
      "module": "module.eks",
      "mode": "data",
      "type": "aws_ami",
      "name": "eks_worker",
      "provider": "provider[\"registry.terraform.io/hashicorp/aws\"]",
      "instances": [
        {
          "schema_version": 0,
          "attributes": {
            "architecture": "x86_64",
            "arn": "arn:aws:ec2:us-east-2::image/ami-0c410307607cec926",
            "block_device_mappings": [
              {
                "device_name": "/dev/xvda",
                "ebs": {
                  "delete_on_termination": "true",
                  "encrypted": "false",
                  "iops": "0",
                  "snapshot_id": "snap-08cbd3fe4e563420a",
                  "volume_size": "20",
                  "volume_type": "gp2"
                },
                "no_device": "",
                "virtual_name": ""
              }
            ],
            "creation_date": "2020-11-18T00:39:32.000Z",
            "description": "EKS Kubernetes Worker AMI with AmazonLinux2 image, (k8s: 1.17.12, docker:19.03.6ce-4.amzn2)",
            "executable_users": null,
            "filter": [
              {
                "name": "name",
                "values": [
                  "amazon-eks-node-1.17-v*"
                ]
              }
            ],
            "hypervisor": "xen",
            "id": "ami-0c410307607cec926",
            "image_id": "ami-0c410307607cec926",
            "image_location": "amazon/amazon-eks-node-1.17-v20201117",
            "image_owner_alias": "amazon",
            "image_type": "machine",
            "kernel_id": null,
            "most_recent": true,
            "name": "amazon-eks-node-1.17-v20201117",
            "name_regex": null,
            "owner_id": "602401143452",
            "owners": [
              "amazon"
            ],
            "platform": null,
            "product_codes": [],
            "public": true,
            "ramdisk_id": null,
            "root_device_name": "/dev/xvda",
            "root_device_type": "ebs",
            "root_snapshot_id": "snap-08cbd3fe4e563420a",
            "sriov_net_support": "simple",
            "state": "available",
            "state_reason": {
              "code": "UNSET",
              "message": "UNSET"
            },
            "tags": {},
            "virtualization_type": "hvm"
          }
        }
      ]
    },
    {
      "module": "module.eks",
      "mode": "data",
      "type": "aws_ami",
      "name": "eks_worker_windows",
      "provider": "provider[\"registry.terraform.io/hashicorp/aws\"]",
      "instances": [
        {
          "schema_version": 0,
          "attributes": {
            "architecture": "x86_64",
            "arn": "arn:aws:ec2:us-east-2::image/ami-05e04cf03930e1f86",
            "block_device_mappings": [
              {
                "device_name": "/dev/sda1",
                "ebs": {
                  "delete_on_termination": "true",
                  "encrypted": "false",
                  "iops": "0",
                  "snapshot_id": "snap-0ef645ceaca32af0e",
                  "volume_size": "50",
                  "volume_type": "gp2"
                },
                "no_device": "",
                "virtual_name": ""
              },
              {
                "device_name": "xvdca",
                "ebs": {},
                "no_device": "",
                "virtual_name": "ephemeral0"
              },
              {
                "device_name": "xvdcb",
                "ebs": {},
                "no_device": "",
                "virtual_name": "ephemeral1"
              },
              {
                "device_name": "xvdcc",
                "ebs": {},
                "no_device": "",
                "virtual_name": "ephemeral2"
              },
              {
                "device_name": "xvdcd",
                "ebs": {},
                "no_device": "",
                "virtual_name": "ephemeral3"
              },
              {
                "device_name": "xvdce",
                "ebs": {},
                "no_device": "",
                "virtual_name": "ephemeral4"
              },
              {
                "device_name": "xvdcf",
                "ebs": {},
                "no_device": "",
                "virtual_name": "ephemeral5"
              },
              {
                "device_name": "xvdcg",
                "ebs": {},
                "no_device": "",
                "virtual_name": "ephemeral6"
              },
              {
                "device_name": "xvdch",
                "ebs": {},
                "no_device": "",
                "virtual_name": "ephemeral7"
              },
              {
                "device_name": "xvdci",
                "ebs": {},
                "no_device": "",
                "virtual_name": "ephemeral8"
              },
              {
                "device_name": "xvdcj",
                "ebs": {},
                "no_device": "",
                "virtual_name": "ephemeral9"
              },
              {
                "device_name": "xvdck",
                "ebs": {},
                "no_device": "",
                "virtual_name": "ephemeral10"
              },
              {
                "device_name": "xvdcl",
                "ebs": {},
                "no_device": "",
                "virtual_name": "ephemeral11"
              },
              {
                "device_name": "xvdcm",
                "ebs": {},
                "no_device": "",
                "virtual_name": "ephemeral12"
              },
              {
                "device_name": "xvdcn",
                "ebs": {},
                "no_device": "",
                "virtual_name": "ephemeral13"
              },
              {
                "device_name": "xvdco",
                "ebs": {},
                "no_device": "",
                "virtual_name": "ephemeral14"
              },
              {
                "device_name": "xvdcp",
                "ebs": {},
                "no_device": "",
                "virtual_name": "ephemeral15"
              },
              {
                "device_name": "xvdcq",
                "ebs": {},
                "no_device": "",
                "virtual_name": "ephemeral16"
              },
              {
                "device_name": "xvdcr",
                "ebs": {},
                "no_device": "",
                "virtual_name": "ephemeral17"
              },
              {
                "device_name": "xvdcs",
                "ebs": {},
                "no_device": "",
                "virtual_name": "ephemeral18"
              },
              {
                "device_name": "xvdct",
                "ebs": {},
                "no_device": "",
                "virtual_name": "ephemeral19"
              },
              {
                "device_name": "xvdcu",
                "ebs": {},
                "no_device": "",
                "virtual_name": "ephemeral20"
              },
              {
                "device_name": "xvdcv",
                "ebs": {},
                "no_device": "",
                "virtual_name": "ephemeral21"
              },
              {
                "device_name": "xvdcw",
                "ebs": {},
                "no_device": "",
                "virtual_name": "ephemeral22"
              },
              {
                "device_name": "xvdcx",
                "ebs": {},
                "no_device": "",
                "virtual_name": "ephemeral23"
              },
              {
                "device_name": "xvdcy",
                "ebs": {},
                "no_device": "",
                "virtual_name": "ephemeral24"
              },
              {
                "device_name": "xvdcz",
                "ebs": {},
                "no_device": "",
                "virtual_name": "ephemeral25"
              }
            ],
            "creation_date": "2020-11-12T22:19:48.000Z",
            "description": "Microsoft Windows Server 2019 Core optimized for EKS and provided by Amazon",
            "executable_users": null,
            "filter": [
              {
                "name": "name",
                "values": [
                  "Windows_Server-2019-English-Core-EKS_Optimized-1.17-*"
                ]
              },
              {
                "name": "platform",
                "values": [
                  "windows"
                ]
              }
            ],
            "hypervisor": "xen",
            "id": "ami-05e04cf03930e1f86",
            "image_id": "ami-05e04cf03930e1f86",
            "image_location": "amazon/Windows_Server-2019-English-Core-EKS_Optimized-1.17-2020.11.12",
            "image_owner_alias": "amazon",
            "image_type": "machine",
            "kernel_id": null,
            "most_recent": true,
            "name": "Windows_Server-2019-English-Core-EKS_Optimized-1.17-2020.11.12",
            "name_regex": null,
            "owner_id": "801119661308",
            "owners": [
              "amazon"
            ],
            "platform": "windows",
            "product_codes": [],
            "public": true,
            "ramdisk_id": null,
            "root_device_name": "/dev/sda1",
            "root_device_type": "ebs",
            "root_snapshot_id": "snap-0ef645ceaca32af0e",
            "sriov_net_support": "simple",
            "state": "available",
            "state_reason": {
              "code": "UNSET",
              "message": "UNSET"
            },
            "tags": {},
            "virtualization_type": "hvm"
          }
        }
      ]
    },
    {
      "module": "module.eks",
      "mode": "data",
      "type": "aws_caller_identity",
      "name": "current",
      "provider": "provider[\"registry.terraform.io/hashicorp/aws\"]",
      "instances": [
        {
          "schema_version": 0,
          "attributes": {
            "account_id": "714695812985",
            "arn": "arn:aws:iam::714695812985:user/admin",
            "id": "714695812985",
            "user_id": "AIDA2MZZQU54R5BH5AH6L"
          }
        }
      ]
    },
    {
      "module": "module.eks",
      "mode": "data",
      "type": "aws_iam_policy_document",
      "name": "cluster_assume_role_policy",
      "provider": "provider[\"registry.terraform.io/hashicorp/aws\"]",
      "instances": [
        {
          "schema_version": 0,
          "attributes": {
            "id": "2764486067",
            "json": "{\n  \"Version\": \"2012-10-17\",\n  \"Statement\": [\n    {\n      \"Sid\": \"EKSClusterAssumeRole\",\n      \"Effect\": \"Allow\",\n      \"Action\": \"sts:AssumeRole\",\n      \"Principal\": {\n        \"Service\": \"eks.amazonaws.com\"\n      }\n    }\n  ]\n}",
            "override_json": null,
            "policy_id": null,
            "source_json": null,
            "statement": [
              {
                "actions": [
                  "sts:AssumeRole"
                ],
                "condition": [],
                "effect": "Allow",
                "not_actions": [],
                "not_principals": [],
                "not_resources": [],
                "principals": [
                  {
                    "identifiers": [
                      "eks.amazonaws.com"
                    ],
                    "type": "Service"
                  }
                ],
                "resources": [],
                "sid": "EKSClusterAssumeRole"
              }
            ],
            "version": "2012-10-17"
          }
        }
      ]
    },
    {
      "module": "module.eks",
      "mode": "data",
      "type": "aws_iam_policy_document",
      "name": "cluster_elb_sl_role_creation",
      "provider": "provider[\"registry.terraform.io/hashicorp/aws\"]",
      "instances": [
        {
          "index_key": 0,
          "schema_version": 0,
          "attributes": {
            "id": "3407219844",
            "json": "{\n  \"Version\": \"2012-10-17\",\n  \"Statement\": [\n    {\n      \"Sid\": \"\",\n      \"Effect\": \"Allow\",\n      \"Action\": [\n        \"ec2:DescribeInternetGateways\",\n        \"ec2:DescribeAccountAttributes\"\n      ],\n      \"Resource\": \"*\"\n    }\n  ]\n}",
            "override_json": null,
            "policy_id": null,
            "source_json": null,
            "statement": [
              {
                "actions": [
                  "ec2:DescribeAccountAttributes",
                  "ec2:DescribeInternetGateways"
                ],
                "condition": [],
                "effect": "Allow",
                "not_actions": [],
                "not_principals": [],
                "not_resources": [],
                "principals": [],
                "resources": [
                  "*"
                ],
                "sid": ""
              }
            ],
            "version": "2012-10-17"
          }
        }
      ]
    },
    {
      "module": "module.eks",
      "mode": "data",
      "type": "aws_iam_policy_document",
      "name": "workers_assume_role_policy",
      "provider": "provider[\"registry.terraform.io/hashicorp/aws\"]",
      "instances": [
        {
          "schema_version": 0,
          "attributes": {
            "id": "3778018924",
            "json": "{\n  \"Version\": \"2012-10-17\",\n  \"Statement\": [\n    {\n      \"Sid\": \"EKSWorkerAssumeRole\",\n      \"Effect\": \"Allow\",\n      \"Action\": \"sts:AssumeRole\",\n      \"Principal\": {\n        \"Service\": \"ec2.amazonaws.com\"\n      }\n    }\n  ]\n}",
            "override_json": null,
            "policy_id": null,
            "source_json": null,
            "statement": [
              {
                "actions": [
                  "sts:AssumeRole"
                ],
                "condition": [],
                "effect": "Allow",
                "not_actions": [],
                "not_principals": [],
                "not_resources": [],
                "principals": [
                  {
                    "identifiers": [
                      "ec2.amazonaws.com"
                    ],
                    "type": "Service"
                  }
                ],
                "resources": [],
                "sid": "EKSWorkerAssumeRole"
              }
            ],
            "version": "2012-10-17"
          }
        }
      ]
    },
    {
      "module": "module.eks",
      "mode": "data",
      "type": "aws_partition",
      "name": "current",
      "provider": "provider[\"registry.terraform.io/hashicorp/aws\"]",
      "instances": [
        {
          "schema_version": 0,
          "attributes": {
            "dns_suffix": "amazonaws.com",
            "id": "aws",
            "partition": "aws"
          }
        }
      ]
    },
    {
      "module": "module.eks",
      "mode": "data",
      "type": "template_file",
      "name": "userdata",
      "provider": "provider[\"registry.terraform.io/hashicorp/template\"]",
      "instances": [
        {
          "index_key": 0,
          "schema_version": 0,
          "attributes": {
            "filename": null,
            "id": "cba109724a39bf3808492740bb302a3a13442a2e5301c24e9415857e49c7cbad",
            "rendered": "#!/bin/bash -xe\n\n# Allow user supplied pre userdata code\n\n\n# Bootstrap and join the cluster\n/etc/eks/bootstrap.sh --b64-cluster-ca 'LS0tLS1CRUdJTiBDRVJUSUZJQ0FURS0tLS0tCk1JSUN5RENDQWJDZ0F3SUJBZ0lCQURBTkJna3Foa2lHOXcwQkFRc0ZBREFWTVJNd0VRWURWUVFERXdwcmRXSmwKY201bGRHVnpNQjRYRFRJd01URXlOekF4TlRrd09Gb1hEVE13TVRFeU5UQXhOVGt3T0Zvd0ZURVRNQkVHQTFVRQpBeE1LYTNWaVpYSnVaWFJsY3pDQ0FTSXdEUVlKS29aSWh2Y05BUUVCQlFBRGdnRVBBRENDQVFvQ2dnRUJBS3BwCjB4TmkzQVAxaXF3bkVOOFp3aWcySWFsV3VmT0NvSmNGRkd6UnZyazdLbzJGTlE1N3BsbGxaWVdZL3IzN3pncEgKYk1FeGxZRm9XSzJWTkU0Z1lvbVM3NkNBSGtac1BvMHpqM2hTTkRwaWE3ZFgwWE1NRVJlSjBTcHhsMnZHa1FkdwpuYUFJd3hCRURvdXc3QkplWTEwbEQyR3NaVmJOZUJxZW4rRTF5M3d0VU4rQkZOOE0waVRGaXNxQ3l1WGVqdU9ZClRiK3VxbEV3TjNsQnhrb2V1ekZaZk5UendDTW0zb1hhNlF2ZFFzZ3FBWVBPRGwrSVI1eDBEU0xHazFvRVFrL3EKS1lRYUl2N1N1MWh1MmFLTVBvQ1NNcXZjMVJCTzJqaGxoTEI1eGNRK1B4SFpJTWFpM0F6dUluTnFsS2RVTHpkcwp3WjJ1cWEvZ0lFRDdxWkhMbnRjQ0F3RUFBYU1qTUNFd0RnWURWUjBQQVFIL0JBUURBZ0trTUE4R0ExVWRFd0VCCi93UUZNQU1CQWY4d0RRWUpLb1pJaHZjTkFRRUxCUUFEZ2dFQkFJSHhWNHYvM0Q3L2ZSVEVjVmpHRndydy9Lb1YKWmJPVU9VMWl0Y3V1cHkySzA1MVM2N1F6VzBhMFpiNWI2TGJnbWp4RHZvNEh3bU13NFh3aUxURk9PemZrSkh5dApoeFdTQVJjN01GOGl2MWlzMEsxL3dHYmJiWFppd0ZNOVkrTExCME4vVDVZdThpTjR4aTRuR3dLcEZKYmI0LzFPCjdqNVVWSHFsRjYzRXU2WTFEaWNpazJhdWp5cHBBejF5QmQ2MlVCZlM5c1IxekxlUENCMTh2dGZDTDI1RUpTTnUKdTRacFl3Q1dRNllSN1ZPMUtIcFVqRXFOWFY2dGZONm5ITUMybGdWemNkbEtsTXdEMFc2bnluZWQyU0RpU250UwpWbjNoRFBsanp2VWM0dmVKajhaUERsQXRpRlRZQ2lKN01PTkZoTjQ0aTcrRktjTUZRNTAvT1NJUjVDdz0KLS0tLS1FTkQgQ0VSVElGSUNBVEUtLS0tLQo=' --apiserver-endpoint 'https://A8C8C7B364BB1E51D4E4B2BB9C9D5738.yl4.us-east-2.eks.amazonaws.com'  --kubelet-extra-args \"\" 'training-eks-chwxBQAU'\n\n# Allow user supplied userdata code\necho foo bar\n",
            "template": "#!/bin/bash -xe\n\n# Allow user supplied pre userdata code\n${pre_userdata}\n\n# Bootstrap and join the cluster\n/etc/eks/bootstrap.sh --b64-cluster-ca '${cluster_auth_base64}' --apiserver-endpoint '${endpoint}' ${bootstrap_extra_args} --kubelet-extra-args \"${kubelet_extra_args}\" '${cluster_name}'\n\n# Allow user supplied userdata code\n${additional_userdata}\n",
            "vars": {
              "additional_userdata": "echo foo bar",
              "bootstrap_extra_args": "",
              "cluster_auth_base64": "LS0tLS1CRUdJTiBDRVJUSUZJQ0FURS0tLS0tCk1JSUN5RENDQWJDZ0F3SUJBZ0lCQURBTkJna3Foa2lHOXcwQkFRc0ZBREFWTVJNd0VRWURWUVFERXdwcmRXSmwKY201bGRHVnpNQjRYRFRJd01URXlOekF4TlRrd09Gb1hEVE13TVRFeU5UQXhOVGt3T0Zvd0ZURVRNQkVHQTFVRQpBeE1LYTNWaVpYSnVaWFJsY3pDQ0FTSXdEUVlKS29aSWh2Y05BUUVCQlFBRGdnRVBBRENDQVFvQ2dnRUJBS3BwCjB4TmkzQVAxaXF3bkVOOFp3aWcySWFsV3VmT0NvSmNGRkd6UnZyazdLbzJGTlE1N3BsbGxaWVdZL3IzN3pncEgKYk1FeGxZRm9XSzJWTkU0Z1lvbVM3NkNBSGtac1BvMHpqM2hTTkRwaWE3ZFgwWE1NRVJlSjBTcHhsMnZHa1FkdwpuYUFJd3hCRURvdXc3QkplWTEwbEQyR3NaVmJOZUJxZW4rRTF5M3d0VU4rQkZOOE0waVRGaXNxQ3l1WGVqdU9ZClRiK3VxbEV3TjNsQnhrb2V1ekZaZk5UendDTW0zb1hhNlF2ZFFzZ3FBWVBPRGwrSVI1eDBEU0xHazFvRVFrL3EKS1lRYUl2N1N1MWh1MmFLTVBvQ1NNcXZjMVJCTzJqaGxoTEI1eGNRK1B4SFpJTWFpM0F6dUluTnFsS2RVTHpkcwp3WjJ1cWEvZ0lFRDdxWkhMbnRjQ0F3RUFBYU1qTUNFd0RnWURWUjBQQVFIL0JBUURBZ0trTUE4R0ExVWRFd0VCCi93UUZNQU1CQWY4d0RRWUpLb1pJaHZjTkFRRUxCUUFEZ2dFQkFJSHhWNHYvM0Q3L2ZSVEVjVmpHRndydy9Lb1YKWmJPVU9VMWl0Y3V1cHkySzA1MVM2N1F6VzBhMFpiNWI2TGJnbWp4RHZvNEh3bU13NFh3aUxURk9PemZrSkh5dApoeFdTQVJjN01GOGl2MWlzMEsxL3dHYmJiWFppd0ZNOVkrTExCME4vVDVZdThpTjR4aTRuR3dLcEZKYmI0LzFPCjdqNVVWSHFsRjYzRXU2WTFEaWNpazJhdWp5cHBBejF5QmQ2MlVCZlM5c1IxekxlUENCMTh2dGZDTDI1RUpTTnUKdTRacFl3Q1dRNllSN1ZPMUtIcFVqRXFOWFY2dGZONm5ITUMybGdWemNkbEtsTXdEMFc2bnluZWQyU0RpU250UwpWbjNoRFBsanp2VWM0dmVKajhaUERsQXRpRlRZQ2lKN01PTkZoTjQ0aTcrRktjTUZRNTAvT1NJUjVDdz0KLS0tLS1FTkQgQ0VSVElGSUNBVEUtLS0tLQo=",
              "cluster_name": "training-eks-chwxBQAU",
              "endpoint": "https://A8C8C7B364BB1E51D4E4B2BB9C9D5738.yl4.us-east-2.eks.amazonaws.com",
              "kubelet_extra_args": "",
              "platform": "linux",
              "pre_userdata": ""
            }
          }
        },
        {
          "index_key": 1,
          "schema_version": 0,
          "attributes": {
            "filename": null,
            "id": "cba109724a39bf3808492740bb302a3a13442a2e5301c24e9415857e49c7cbad",
            "rendered": "#!/bin/bash -xe\n\n# Allow user supplied pre userdata code\n\n\n# Bootstrap and join the cluster\n/etc/eks/bootstrap.sh --b64-cluster-ca 'LS0tLS1CRUdJTiBDRVJUSUZJQ0FURS0tLS0tCk1JSUN5RENDQWJDZ0F3SUJBZ0lCQURBTkJna3Foa2lHOXcwQkFRc0ZBREFWTVJNd0VRWURWUVFERXdwcmRXSmwKY201bGRHVnpNQjRYRFRJd01URXlOekF4TlRrd09Gb1hEVE13TVRFeU5UQXhOVGt3T0Zvd0ZURVRNQkVHQTFVRQpBeE1LYTNWaVpYSnVaWFJsY3pDQ0FTSXdEUVlKS29aSWh2Y05BUUVCQlFBRGdnRVBBRENDQVFvQ2dnRUJBS3BwCjB4TmkzQVAxaXF3bkVOOFp3aWcySWFsV3VmT0NvSmNGRkd6UnZyazdLbzJGTlE1N3BsbGxaWVdZL3IzN3pncEgKYk1FeGxZRm9XSzJWTkU0Z1lvbVM3NkNBSGtac1BvMHpqM2hTTkRwaWE3ZFgwWE1NRVJlSjBTcHhsMnZHa1FkdwpuYUFJd3hCRURvdXc3QkplWTEwbEQyR3NaVmJOZUJxZW4rRTF5M3d0VU4rQkZOOE0waVRGaXNxQ3l1WGVqdU9ZClRiK3VxbEV3TjNsQnhrb2V1ekZaZk5UendDTW0zb1hhNlF2ZFFzZ3FBWVBPRGwrSVI1eDBEU0xHazFvRVFrL3EKS1lRYUl2N1N1MWh1MmFLTVBvQ1NNcXZjMVJCTzJqaGxoTEI1eGNRK1B4SFpJTWFpM0F6dUluTnFsS2RVTHpkcwp3WjJ1cWEvZ0lFRDdxWkhMbnRjQ0F3RUFBYU1qTUNFd0RnWURWUjBQQVFIL0JBUURBZ0trTUE4R0ExVWRFd0VCCi93UUZNQU1CQWY4d0RRWUpLb1pJaHZjTkFRRUxCUUFEZ2dFQkFJSHhWNHYvM0Q3L2ZSVEVjVmpHRndydy9Lb1YKWmJPVU9VMWl0Y3V1cHkySzA1MVM2N1F6VzBhMFpiNWI2TGJnbWp4RHZvNEh3bU13NFh3aUxURk9PemZrSkh5dApoeFdTQVJjN01GOGl2MWlzMEsxL3dHYmJiWFppd0ZNOVkrTExCME4vVDVZdThpTjR4aTRuR3dLcEZKYmI0LzFPCjdqNVVWSHFsRjYzRXU2WTFEaWNpazJhdWp5cHBBejF5QmQ2MlVCZlM5c1IxekxlUENCMTh2dGZDTDI1RUpTTnUKdTRacFl3Q1dRNllSN1ZPMUtIcFVqRXFOWFY2dGZONm5ITUMybGdWemNkbEtsTXdEMFc2bnluZWQyU0RpU250UwpWbjNoRFBsanp2VWM0dmVKajhaUERsQXRpRlRZQ2lKN01PTkZoTjQ0aTcrRktjTUZRNTAvT1NJUjVDdz0KLS0tLS1FTkQgQ0VSVElGSUNBVEUtLS0tLQo=' --apiserver-endpoint 'https://A8C8C7B364BB1E51D4E4B2BB9C9D5738.yl4.us-east-2.eks.amazonaws.com'  --kubelet-extra-args \"\" 'training-eks-chwxBQAU'\n\n# Allow user supplied userdata code\necho foo bar\n",
            "template": "#!/bin/bash -xe\n\n# Allow user supplied pre userdata code\n${pre_userdata}\n\n# Bootstrap and join the cluster\n/etc/eks/bootstrap.sh --b64-cluster-ca '${cluster_auth_base64}' --apiserver-endpoint '${endpoint}' ${bootstrap_extra_args} --kubelet-extra-args \"${kubelet_extra_args}\" '${cluster_name}'\n\n# Allow user supplied userdata code\n${additional_userdata}\n",
            "vars": {
              "additional_userdata": "echo foo bar",
              "bootstrap_extra_args": "",
              "cluster_auth_base64": "LS0tLS1CRUdJTiBDRVJUSUZJQ0FURS0tLS0tCk1JSUN5RENDQWJDZ0F3SUJBZ0lCQURBTkJna3Foa2lHOXcwQkFRc0ZBREFWTVJNd0VRWURWUVFERXdwcmRXSmwKY201bGRHVnpNQjRYRFRJd01URXlOekF4TlRrd09Gb1hEVE13TVRFeU5UQXhOVGt3T0Zvd0ZURVRNQkVHQTFVRQpBeE1LYTNWaVpYSnVaWFJsY3pDQ0FTSXdEUVlKS29aSWh2Y05BUUVCQlFBRGdnRVBBRENDQVFvQ2dnRUJBS3BwCjB4TmkzQVAxaXF3bkVOOFp3aWcySWFsV3VmT0NvSmNGRkd6UnZyazdLbzJGTlE1N3BsbGxaWVdZL3IzN3pncEgKYk1FeGxZRm9XSzJWTkU0Z1lvbVM3NkNBSGtac1BvMHpqM2hTTkRwaWE3ZFgwWE1NRVJlSjBTcHhsMnZHa1FkdwpuYUFJd3hCRURvdXc3QkplWTEwbEQyR3NaVmJOZUJxZW4rRTF5M3d0VU4rQkZOOE0waVRGaXNxQ3l1WGVqdU9ZClRiK3VxbEV3TjNsQnhrb2V1ekZaZk5UendDTW0zb1hhNlF2ZFFzZ3FBWVBPRGwrSVI1eDBEU0xHazFvRVFrL3EKS1lRYUl2N1N1MWh1MmFLTVBvQ1NNcXZjMVJCTzJqaGxoTEI1eGNRK1B4SFpJTWFpM0F6dUluTnFsS2RVTHpkcwp3WjJ1cWEvZ0lFRDdxWkhMbnRjQ0F3RUFBYU1qTUNFd0RnWURWUjBQQVFIL0JBUURBZ0trTUE4R0ExVWRFd0VCCi93UUZNQU1CQWY4d0RRWUpLb1pJaHZjTkFRRUxCUUFEZ2dFQkFJSHhWNHYvM0Q3L2ZSVEVjVmpHRndydy9Lb1YKWmJPVU9VMWl0Y3V1cHkySzA1MVM2N1F6VzBhMFpiNWI2TGJnbWp4RHZvNEh3bU13NFh3aUxURk9PemZrSkh5dApoeFdTQVJjN01GOGl2MWlzMEsxL3dHYmJiWFppd0ZNOVkrTExCME4vVDVZdThpTjR4aTRuR3dLcEZKYmI0LzFPCjdqNVVWSHFsRjYzRXU2WTFEaWNpazJhdWp5cHBBejF5QmQ2MlVCZlM5c1IxekxlUENCMTh2dGZDTDI1RUpTTnUKdTRacFl3Q1dRNllSN1ZPMUtIcFVqRXFOWFY2dGZONm5ITUMybGdWemNkbEtsTXdEMFc2bnluZWQyU0RpU250UwpWbjNoRFBsanp2VWM0dmVKajhaUERsQXRpRlRZQ2lKN01PTkZoTjQ0aTcrRktjTUZRNTAvT1NJUjVDdz0KLS0tLS1FTkQgQ0VSVElGSUNBVEUtLS0tLQo=",
              "cluster_name": "training-eks-chwxBQAU",
              "endpoint": "https://A8C8C7B364BB1E51D4E4B2BB9C9D5738.yl4.us-east-2.eks.amazonaws.com",
              "kubelet_extra_args": "",
              "platform": "linux",
              "pre_userdata": ""
            }
          }
        }
      ]
    },
    {
      "module": "module.eks",
      "mode": "managed",
      "type": "aws_autoscaling_group",
      "name": "workers",
      "provider": "provider[\"registry.terraform.io/hashicorp/aws\"]",
      "instances": [
        {
          "index_key": 0,
          "schema_version": 0,
          "attributes": {
            "arn": "arn:aws:autoscaling:us-east-2:714695812985:autoScalingGroup:bdb9f38c-6ee6-4056-8d60-ed3700055fbf:autoScalingGroupName/training-eks-chwxBQAU-worker-group-120201127022014390100000014",
            "availability_zones": [
              "us-east-2a",
              "us-east-2b",
              "us-east-2c"
            ],
            "capacity_rebalance": false,
            "default_cooldown": 300,
            "desired_capacity": 2,
            "enabled_metrics": null,
            "force_delete": false,
            "health_check_grace_period": 300,
            "health_check_type": "EC2",
            "id": "training-eks-chwxBQAU-worker-group-120201127022014390100000014",
            "initial_lifecycle_hook": [],
            "launch_configuration": "training-eks-chwxBQAU-worker-group-120201127022004388400000012",
            "launch_template": [],
            "load_balancers": null,
            "max_instance_lifetime": 0,
            "max_size": 3,
            "metrics_granularity": "1Minute",
            "min_elb_capacity": null,
            "min_size": 1,
            "mixed_instances_policy": [],
            "name": "training-eks-chwxBQAU-worker-group-120201127022014390100000014",
            "name_prefix": "training-eks-chwxBQAU-worker-group-1",
            "placement_group": "",
            "protect_from_scale_in": false,
            "service_linked_role_arn": "arn:aws:iam::714695812985:role/aws-service-role/autoscaling.amazonaws.com/AWSServiceRoleForAutoScaling",
            "suspended_processes": [
              "AZRebalance"
            ],
            "tag": [
              {
                "key": "Environment",
                "propagate_at_launch": true,
                "value": "training"
              },
              {
                "key": "GithubOrg",
                "propagate_at_launch": true,
                "value": "terraform-aws-modules"
              },
              {
                "key": "GithubRepo",
                "propagate_at_launch": true,
                "value": "terraform-aws-eks"
              },
              {
                "key": "Name",
                "propagate_at_launch": true,
                "value": "training-eks-chwxBQAU-worker-group-1-eks_asg"
              },
              {
                "key": "k8s.io/cluster/training-eks-chwxBQAU",
                "propagate_at_launch": true,
                "value": "owned"
              },
              {
                "key": "kubernetes.io/cluster/training-eks-chwxBQAU",
                "propagate_at_launch": true,
                "value": "owned"
              }
            ],
            "tags": null,
            "target_group_arns": null,
            "termination_policies": [],
            "timeouts": null,
            "vpc_zone_identifier": [
              "subnet-0205fd47efd5b5b00",
              "subnet-06db2edd9305162c3",
              "subnet-0beb18de7569a7290"
            ],
            "wait_for_capacity_timeout": "10m",
            "wait_for_elb_capacity": null
          },
          "private": "eyJlMmJmYjczMC1lY2FhLTExZTYtOGY4OC0zNDM2M2JjN2M0YzAiOnsiZGVsZXRlIjo2MDAwMDAwMDAwMDB9fQ==",
          "dependencies": [
            "aws_security_group.worker_group_mgmt_one",
            "aws_security_group.worker_group_mgmt_two",
            "data.aws_availability_zones.available",
            "module.eks.aws_cloudwatch_log_group.this",
            "module.eks.aws_eks_cluster.this",
            "module.eks.aws_iam_instance_profile.workers",
            "module.eks.aws_iam_role.cluster",
            "module.eks.aws_iam_role.workers",
            "module.eks.aws_iam_role_policy_attachment.cluster_AmazonEKSClusterPolicy",
            "module.eks.aws_iam_role_policy_attachment.cluster_AmazonEKSServicePolicy",
            "module.eks.aws_iam_role_policy_attachment.cluster_AmazonEKSVPCResourceControllerPolicy",
            "module.eks.aws_iam_role_policy_attachment.workers_AmazonEC2ContainerRegistryReadOnly",
            "module.eks.aws_iam_role_policy_attachment.workers_AmazonEKSWorkerNodePolicy",
            "module.eks.aws_iam_role_policy_attachment.workers_AmazonEKS_CNI_Policy",
            "module.eks.aws_iam_role_policy_attachment.workers_additional_policies",
            "module.eks.aws_launch_configuration.workers",
            "module.eks.aws_security_group.cluster",
            "module.eks.aws_security_group.workers",
            "module.eks.aws_security_group_rule.cluster_egress_internet",
            "module.eks.aws_security_group_rule.cluster_https_worker_ingress",
            "module.eks.aws_security_group_rule.cluster_primary_ingress_workers",
            "module.eks.aws_security_group_rule.workers_egress_internet",
            "module.eks.aws_security_group_rule.workers_ingress_cluster",
            "module.eks.aws_security_group_rule.workers_ingress_cluster_https",
            "module.eks.aws_security_group_rule.workers_ingress_cluster_kubelet",
            "module.eks.aws_security_group_rule.workers_ingress_cluster_primary",
            "module.eks.aws_security_group_rule.workers_ingress_self",
            "module.eks.data.aws_ami.eks_worker",
            "module.eks.data.aws_ami.eks_worker_windows",
            "module.eks.data.aws_iam_instance_profile.custom_worker_group_iam_instance_profile",
            "module.eks.data.aws_iam_policy_document.cluster_assume_role_policy",
            "module.eks.data.aws_iam_policy_document.workers_assume_role_policy",
            "module.eks.data.aws_iam_role.custom_cluster_iam_role",
            "module.eks.data.aws_partition.current",
            "module.eks.data.template_file.userdata",
            "module.eks.random_pet.workers",
            "module.vpc.aws_subnet.private",
            "module.vpc.aws_vpc.this",
            "module.vpc.aws_vpc_ipv4_cidr_block_association.this",
            "random_string.suffix"
          ],
          "create_before_destroy": true
        },
        {
          "index_key": 1,
          "schema_version": 0,
          "attributes": {
            "arn": "arn:aws:autoscaling:us-east-2:714695812985:autoScalingGroup:e5497870-d921-4e53-8d90-daf9e1c5de6c:autoScalingGroupName/training-eks-chwxBQAU-worker-group-220201127022014404800000015",
            "availability_zones": [
              "us-east-2a",
              "us-east-2b",
              "us-east-2c"
            ],
            "capacity_rebalance": false,
            "default_cooldown": 300,
            "desired_capacity": 1,
            "enabled_metrics": null,
            "force_delete": false,
            "health_check_grace_period": 300,
            "health_check_type": "EC2",
            "id": "training-eks-chwxBQAU-worker-group-220201127022014404800000015",
            "initial_lifecycle_hook": [],
            "launch_configuration": "training-eks-chwxBQAU-worker-group-220201127022004421900000013",
            "launch_template": [],
            "load_balancers": null,
            "max_instance_lifetime": 0,
            "max_size": 3,
            "metrics_granularity": "1Minute",
            "min_elb_capacity": null,
            "min_size": 1,
            "mixed_instances_policy": [],
            "name": "training-eks-chwxBQAU-worker-group-220201127022014404800000015",
            "name_prefix": "training-eks-chwxBQAU-worker-group-2",
            "placement_group": "",
            "protect_from_scale_in": false,
            "service_linked_role_arn": "arn:aws:iam::714695812985:role/aws-service-role/autoscaling.amazonaws.com/AWSServiceRoleForAutoScaling",
            "suspended_processes": [
              "AZRebalance"
            ],
            "tag": [
              {
                "key": "Environment",
                "propagate_at_launch": true,
                "value": "training"
              },
              {
                "key": "GithubOrg",
                "propagate_at_launch": true,
                "value": "terraform-aws-modules"
              },
              {
                "key": "GithubRepo",
                "propagate_at_launch": true,
                "value": "terraform-aws-eks"
              },
              {
                "key": "Name",
                "propagate_at_launch": true,
                "value": "training-eks-chwxBQAU-worker-group-2-eks_asg"
              },
              {
                "key": "k8s.io/cluster/training-eks-chwxBQAU",
                "propagate_at_launch": true,
                "value": "owned"
              },
              {
                "key": "kubernetes.io/cluster/training-eks-chwxBQAU",
                "propagate_at_launch": true,
                "value": "owned"
              }
            ],
            "tags": null,
            "target_group_arns": null,
            "termination_policies": [],
            "timeouts": null,
            "vpc_zone_identifier": [
              "subnet-0205fd47efd5b5b00",
              "subnet-06db2edd9305162c3",
              "subnet-0beb18de7569a7290"
            ],
            "wait_for_capacity_timeout": "10m",
            "wait_for_elb_capacity": null
          },
          "private": "eyJlMmJmYjczMC1lY2FhLTExZTYtOGY4OC0zNDM2M2JjN2M0YzAiOnsiZGVsZXRlIjo2MDAwMDAwMDAwMDB9fQ==",
          "dependencies": [
            "aws_security_group.worker_group_mgmt_one",
            "aws_security_group.worker_group_mgmt_two",
            "data.aws_availability_zones.available",
            "module.eks.aws_cloudwatch_log_group.this",
            "module.eks.aws_eks_cluster.this",
            "module.eks.aws_iam_instance_profile.workers",
            "module.eks.aws_iam_role.cluster",
            "module.eks.aws_iam_role.workers",
            "module.eks.aws_iam_role_policy_attachment.cluster_AmazonEKSClusterPolicy",
            "module.eks.aws_iam_role_policy_attachment.cluster_AmazonEKSServicePolicy",
            "module.eks.aws_iam_role_policy_attachment.cluster_AmazonEKSVPCResourceControllerPolicy",
            "module.eks.aws_iam_role_policy_attachment.workers_AmazonEC2ContainerRegistryReadOnly",
            "module.eks.aws_iam_role_policy_attachment.workers_AmazonEKSWorkerNodePolicy",
            "module.eks.aws_iam_role_policy_attachment.workers_AmazonEKS_CNI_Policy",
            "module.eks.aws_iam_role_policy_attachment.workers_additional_policies",
            "module.eks.aws_launch_configuration.workers",
            "module.eks.aws_security_group.cluster",
            "module.eks.aws_security_group.workers",
            "module.eks.aws_security_group_rule.cluster_egress_internet",
            "module.eks.aws_security_group_rule.cluster_https_worker_ingress",
            "module.eks.aws_security_group_rule.cluster_primary_ingress_workers",
            "module.eks.aws_security_group_rule.workers_egress_internet",
            "module.eks.aws_security_group_rule.workers_ingress_cluster",
            "module.eks.aws_security_group_rule.workers_ingress_cluster_https",
            "module.eks.aws_security_group_rule.workers_ingress_cluster_kubelet",
            "module.eks.aws_security_group_rule.workers_ingress_cluster_primary",
            "module.eks.aws_security_group_rule.workers_ingress_self",
            "module.eks.data.aws_ami.eks_worker",
            "module.eks.data.aws_ami.eks_worker_windows",
            "module.eks.data.aws_iam_instance_profile.custom_worker_group_iam_instance_profile",
            "module.eks.data.aws_iam_policy_document.cluster_assume_role_policy",
            "module.eks.data.aws_iam_policy_document.workers_assume_role_policy",
            "module.eks.data.aws_iam_role.custom_cluster_iam_role",
            "module.eks.data.aws_partition.current",
            "module.eks.data.template_file.userdata",
            "module.eks.random_pet.workers",
            "module.vpc.aws_subnet.private",
            "module.vpc.aws_vpc.this",
            "module.vpc.aws_vpc_ipv4_cidr_block_association.this",
            "random_string.suffix"
          ],
          "create_before_destroy": true
        }
      ]
    },
    {
      "module": "module.eks",
      "mode": "managed",
      "type": "aws_eks_cluster",
      "name": "this",
      "provider": "provider[\"registry.terraform.io/hashicorp/aws\"]",
      "instances": [
        {
          "index_key": 0,
          "schema_version": 0,
          "attributes": {
            "arn": "arn:aws:eks:us-east-2:714695812985:cluster/training-eks-chwxBQAU",
            "certificate_authority": [
              {
                "data": "LS0tLS1CRUdJTiBDRVJUSUZJQ0FURS0tLS0tCk1JSUN5RENDQWJDZ0F3SUJBZ0lCQURBTkJna3Foa2lHOXcwQkFRc0ZBREFWTVJNd0VRWURWUVFERXdwcmRXSmwKY201bGRHVnpNQjRYRFRJd01URXlOekF4TlRrd09Gb1hEVE13TVRFeU5UQXhOVGt3T0Zvd0ZURVRNQkVHQTFVRQpBeE1LYTNWaVpYSnVaWFJsY3pDQ0FTSXdEUVlKS29aSWh2Y05BUUVCQlFBRGdnRVBBRENDQVFvQ2dnRUJBS3BwCjB4TmkzQVAxaXF3bkVOOFp3aWcySWFsV3VmT0NvSmNGRkd6UnZyazdLbzJGTlE1N3BsbGxaWVdZL3IzN3pncEgKYk1FeGxZRm9XSzJWTkU0Z1lvbVM3NkNBSGtac1BvMHpqM2hTTkRwaWE3ZFgwWE1NRVJlSjBTcHhsMnZHa1FkdwpuYUFJd3hCRURvdXc3QkplWTEwbEQyR3NaVmJOZUJxZW4rRTF5M3d0VU4rQkZOOE0waVRGaXNxQ3l1WGVqdU9ZClRiK3VxbEV3TjNsQnhrb2V1ekZaZk5UendDTW0zb1hhNlF2ZFFzZ3FBWVBPRGwrSVI1eDBEU0xHazFvRVFrL3EKS1lRYUl2N1N1MWh1MmFLTVBvQ1NNcXZjMVJCTzJqaGxoTEI1eGNRK1B4SFpJTWFpM0F6dUluTnFsS2RVTHpkcwp3WjJ1cWEvZ0lFRDdxWkhMbnRjQ0F3RUFBYU1qTUNFd0RnWURWUjBQQVFIL0JBUURBZ0trTUE4R0ExVWRFd0VCCi93UUZNQU1CQWY4d0RRWUpLb1pJaHZjTkFRRUxCUUFEZ2dFQkFJSHhWNHYvM0Q3L2ZSVEVjVmpHRndydy9Lb1YKWmJPVU9VMWl0Y3V1cHkySzA1MVM2N1F6VzBhMFpiNWI2TGJnbWp4RHZvNEh3bU13NFh3aUxURk9PemZrSkh5dApoeFdTQVJjN01GOGl2MWlzMEsxL3dHYmJiWFppd0ZNOVkrTExCME4vVDVZdThpTjR4aTRuR3dLcEZKYmI0LzFPCjdqNVVWSHFsRjYzRXU2WTFEaWNpazJhdWp5cHBBejF5QmQ2MlVCZlM5c1IxekxlUENCMTh2dGZDTDI1RUpTTnUKdTRacFl3Q1dRNllSN1ZPMUtIcFVqRXFOWFY2dGZONm5ITUMybGdWemNkbEtsTXdEMFc2bnluZWQyU0RpU250UwpWbjNoRFBsanp2VWM0dmVKajhaUERsQXRpRlRZQ2lKN01PTkZoTjQ0aTcrRktjTUZRNTAvT1NJUjVDdz0KLS0tLS1FTkQgQ0VSVElGSUNBVEUtLS0tLQo="
              }
            ],
            "created_at": "2020-11-27 01:50:15.727 +0000 UTC",
            "enabled_cluster_log_types": null,
            "encryption_config": [],
            "endpoint": "https://A8C8C7B364BB1E51D4E4B2BB9C9D5738.yl4.us-east-2.eks.amazonaws.com",
            "id": "training-eks-chwxBQAU",
            "identity": [
              {
                "oidc": [
                  {
                    "issuer": "https://oidc.eks.us-east-2.amazonaws.com/id/A8C8C7B364BB1E51D4E4B2BB9C9D5738"
                  }
                ]
              }
            ],
            "name": "training-eks-chwxBQAU",
            "platform_version": "eks.5",
            "role_arn": "arn:aws:iam::714695812985:role/training-eks-chwxBQAU20201127015002472600000002",
            "status": "ACTIVE",
            "tags": {
              "Environment": "training",
              "GithubOrg": "terraform-aws-modules",
              "GithubRepo": "terraform-aws-eks"
            },
            "timeouts": {
              "create": "30m",
              "delete": "15m",
              "update": null
            },
            "version": "1.17",
            "vpc_config": [
              {
                "cluster_security_group_id": "sg-07333986dcedbfe09",
                "endpoint_private_access": false,
                "endpoint_public_access": true,
                "public_access_cidrs": [
                  "0.0.0.0/0"
                ],
                "security_group_ids": [
                  "sg-09e194a176612ec1a"
                ],
                "subnet_ids": [
                  "subnet-0205fd47efd5b5b00",
                  "subnet-06db2edd9305162c3",
                  "subnet-0beb18de7569a7290"
                ],
                "vpc_id": "vpc-0ffd122a836d730ff"
              }
            ]
          },
          "private": "eyJlMmJmYjczMC1lY2FhLTExZTYtOGY4OC0zNDM2M2JjN2M0YzAiOnsiY3JlYXRlIjoxODAwMDAwMDAwMDAwLCJkZWxldGUiOjkwMDAwMDAwMDAwMCwidXBkYXRlIjozNjAwMDAwMDAwMDAwfX0=",
          "dependencies": [
            "data.aws_availability_zones.available",
            "module.eks.aws_cloudwatch_log_group.this",
            "module.eks.aws_iam_role.cluster",
            "module.eks.aws_iam_role_policy_attachment.cluster_AmazonEKSClusterPolicy",
            "module.eks.aws_iam_role_policy_attachment.cluster_AmazonEKSServicePolicy",
            "module.eks.aws_iam_role_policy_attachment.cluster_AmazonEKSVPCResourceControllerPolicy",
            "module.eks.aws_security_group.cluster",
            "module.eks.aws_security_group.workers",
            "module.eks.aws_security_group_rule.cluster_egress_internet",
            "module.eks.aws_security_group_rule.cluster_https_worker_ingress",
            "module.eks.data.aws_iam_policy_document.cluster_assume_role_policy",
            "module.eks.data.aws_iam_role.custom_cluster_iam_role",
            "module.eks.data.aws_partition.current",
            "module.vpc.aws_subnet.private",
            "module.vpc.aws_vpc.this",
            "module.vpc.aws_vpc_ipv4_cidr_block_association.this",
            "random_string.suffix"
          ],
          "create_before_destroy": true
        }
      ]
    },
    {
      "module": "module.eks",
      "mode": "managed",
      "type": "aws_iam_instance_profile",
      "name": "workers",
      "provider": "provider[\"registry.terraform.io/hashicorp/aws\"]",
      "instances": [
        {
          "index_key": 0,
          "schema_version": 0,
          "attributes": {
            "arn": "arn:aws:iam::714695812985:instance-profile/training-eks-chwxBQAU2020112702200237200000000e",
            "create_date": "2020-11-27T02:20:06Z",
            "id": "training-eks-chwxBQAU2020112702200237200000000e",
            "name": "training-eks-chwxBQAU2020112702200237200000000e",
            "name_prefix": "training-eks-chwxBQAU",
            "path": "/",
            "role": "training-eks-chwxBQAU2020112702200088510000000c",
            "unique_id": "AIPA2MZZQU54XNZXW7P52"
          },
          "private": "bnVsbA==",
          "dependencies": [
            "aws_security_group.worker_group_mgmt_one",
            "aws_security_group.worker_group_mgmt_two",
            "data.aws_availability_zones.available",
            "module.eks.aws_cloudwatch_log_group.this",
            "module.eks.aws_eks_cluster.this",
            "module.eks.aws_iam_role.cluster",
            "module.eks.aws_iam_role.workers",
            "module.eks.aws_iam_role_policy_attachment.cluster_AmazonEKSClusterPolicy",
            "module.eks.aws_iam_role_policy_attachment.cluster_AmazonEKSServicePolicy",
            "module.eks.aws_iam_role_policy_attachment.cluster_AmazonEKSVPCResourceControllerPolicy",
            "module.eks.aws_security_group.cluster",
            "module.eks.aws_security_group.workers",
            "module.eks.aws_security_group_rule.cluster_egress_internet",
            "module.eks.aws_security_group_rule.cluster_https_worker_ingress",
            "module.eks.data.aws_iam_policy_document.cluster_assume_role_policy",
            "module.eks.data.aws_iam_policy_document.workers_assume_role_policy",
            "module.eks.data.aws_iam_role.custom_cluster_iam_role",
            "module.eks.data.aws_partition.current",
            "module.vpc.aws_subnet.private",
            "module.vpc.aws_vpc.this",
            "module.vpc.aws_vpc_ipv4_cidr_block_association.this",
            "random_string.suffix"
          ],
          "create_before_destroy": true
        },
        {
          "index_key": 1,
          "schema_version": 0,
          "attributes": {
            "arn": "arn:aws:iam::714695812985:instance-profile/training-eks-chwxBQAU2020112702200235860000000d",
            "create_date": "2020-11-27T02:20:06Z",
            "id": "training-eks-chwxBQAU2020112702200235860000000d",
            "name": "training-eks-chwxBQAU2020112702200235860000000d",
            "name_prefix": "training-eks-chwxBQAU",
            "path": "/",
            "role": "training-eks-chwxBQAU2020112702200088510000000c",
            "unique_id": "AIPA2MZZQU54TH4OYGMWU"
          },
          "private": "bnVsbA==",
          "dependencies": [
            "aws_security_group.worker_group_mgmt_one",
            "aws_security_group.worker_group_mgmt_two",
            "data.aws_availability_zones.available",
            "module.eks.aws_cloudwatch_log_group.this",
            "module.eks.aws_eks_cluster.this",
            "module.eks.aws_iam_role.cluster",
            "module.eks.aws_iam_role.workers",
            "module.eks.aws_iam_role_policy_attachment.cluster_AmazonEKSClusterPolicy",
            "module.eks.aws_iam_role_policy_attachment.cluster_AmazonEKSServicePolicy",
            "module.eks.aws_iam_role_policy_attachment.cluster_AmazonEKSVPCResourceControllerPolicy",
            "module.eks.aws_security_group.cluster",
            "module.eks.aws_security_group.workers",
            "module.eks.aws_security_group_rule.cluster_egress_internet",
            "module.eks.aws_security_group_rule.cluster_https_worker_ingress",
            "module.eks.data.aws_iam_policy_document.cluster_assume_role_policy",
            "module.eks.data.aws_iam_policy_document.workers_assume_role_policy",
            "module.eks.data.aws_iam_role.custom_cluster_iam_role",
            "module.eks.data.aws_partition.current",
            "module.vpc.aws_subnet.private",
            "module.vpc.aws_vpc.this",
            "module.vpc.aws_vpc_ipv4_cidr_block_association.this",
            "random_string.suffix"
          ],
          "create_before_destroy": true
        }
      ]
    },
    {
      "module": "module.eks",
      "mode": "managed",
      "type": "aws_iam_policy",
      "name": "cluster_elb_sl_role_creation",
      "provider": "provider[\"registry.terraform.io/hashicorp/aws\"]",
      "instances": [
        {
          "index_key": 0,
          "schema_version": 0,
          "attributes": {
            "arn": "arn:aws:iam::714695812985:policy/training-eks-chwxBQAU-elb-sl-role-creation20201127015002438400000001",
            "description": "Permissions for EKS to create AWSServiceRoleForElasticLoadBalancing service-linked role",
            "id": "arn:aws:iam::714695812985:policy/training-eks-chwxBQAU-elb-sl-role-creation20201127015002438400000001",
            "name": "training-eks-chwxBQAU-elb-sl-role-creation20201127015002438400000001",
            "name_prefix": "training-eks-chwxBQAU-elb-sl-role-creation",
            "path": "/",
            "policy": "{\n  \"Version\": \"2012-10-17\",\n  \"Statement\": [\n    {\n      \"Sid\": \"\",\n      \"Effect\": \"Allow\",\n      \"Action\": [\n        \"ec2:DescribeInternetGateways\",\n        \"ec2:DescribeAccountAttributes\"\n      ],\n      \"Resource\": \"*\"\n    }\n  ]\n}"
          },
          "private": "bnVsbA==",
          "dependencies": [
            "module.eks.data.aws_iam_policy_document.cluster_elb_sl_role_creation",
            "random_string.suffix"
          ]
        }
      ]
    },
    {
      "module": "module.eks",
      "mode": "managed",
      "type": "aws_iam_role",
      "name": "cluster",
      "provider": "provider[\"registry.terraform.io/hashicorp/aws\"]",
      "instances": [
        {
          "index_key": 0,
          "schema_version": 0,
          "attributes": {
            "arn": "arn:aws:iam::714695812985:role/training-eks-chwxBQAU20201127015002472600000002",
            "assume_role_policy": "{\"Version\":\"2012-10-17\",\"Statement\":[{\"Sid\":\"EKSClusterAssumeRole\",\"Effect\":\"Allow\",\"Principal\":{\"Service\":\"eks.amazonaws.com\"},\"Action\":\"sts:AssumeRole\"}]}",
            "create_date": "2020-11-27T01:50:02Z",
            "description": "",
            "force_detach_policies": true,
            "id": "training-eks-chwxBQAU20201127015002472600000002",
            "max_session_duration": 3600,
            "name": "training-eks-chwxBQAU20201127015002472600000002",
            "name_prefix": "training-eks-chwxBQAU",
            "path": "/",
            "permissions_boundary": null,
            "tags": {
              "Environment": "training",
              "GithubOrg": "terraform-aws-modules",
              "GithubRepo": "terraform-aws-eks"
            },
            "unique_id": "AROA2MZZQU543ZBP52CWD"
          },
          "private": "bnVsbA==",
          "dependencies": [
            "module.eks.data.aws_iam_policy_document.cluster_assume_role_policy",
            "random_string.suffix"
          ],
          "create_before_destroy": true
        }
      ]
    },
    {
      "module": "module.eks",
      "mode": "managed",
      "type": "aws_iam_role",
      "name": "workers",
      "provider": "provider[\"registry.terraform.io/hashicorp/aws\"]",
      "instances": [
        {
          "index_key": 0,
          "schema_version": 0,
          "attributes": {
            "arn": "arn:aws:iam::714695812985:role/training-eks-chwxBQAU2020112702200088510000000c",
            "assume_role_policy": "{\"Version\":\"2012-10-17\",\"Statement\":[{\"Sid\":\"EKSWorkerAssumeRole\",\"Effect\":\"Allow\",\"Principal\":{\"Service\":\"ec2.amazonaws.com\"},\"Action\":\"sts:AssumeRole\"}]}",
            "create_date": "2020-11-27T02:20:04Z",
            "description": "",
            "force_detach_policies": true,
            "id": "training-eks-chwxBQAU2020112702200088510000000c",
            "max_session_duration": 3600,
            "name": "training-eks-chwxBQAU2020112702200088510000000c",
            "name_prefix": "training-eks-chwxBQAU",
            "path": "/",
            "permissions_boundary": null,
            "tags": {
              "Environment": "training",
              "GithubOrg": "terraform-aws-modules",
              "GithubRepo": "terraform-aws-eks"
            },
            "unique_id": "AROA2MZZQU547DTQTXZIY"
          },
          "private": "bnVsbA==",
          "dependencies": [
            "data.aws_availability_zones.available",
            "module.eks.aws_cloudwatch_log_group.this",
            "module.eks.aws_eks_cluster.this",
            "module.eks.aws_iam_role.cluster",
            "module.eks.aws_iam_role_policy_attachment.cluster_AmazonEKSClusterPolicy",
            "module.eks.aws_iam_role_policy_attachment.cluster_AmazonEKSServicePolicy",
            "module.eks.aws_iam_role_policy_attachment.cluster_AmazonEKSVPCResourceControllerPolicy",
            "module.eks.aws_security_group.cluster",
            "module.eks.aws_security_group.workers",
            "module.eks.aws_security_group_rule.cluster_egress_internet",
            "module.eks.aws_security_group_rule.cluster_https_worker_ingress",
            "module.eks.data.aws_iam_policy_document.cluster_assume_role_policy",
            "module.eks.data.aws_iam_policy_document.workers_assume_role_policy",
            "module.eks.data.aws_iam_role.custom_cluster_iam_role",
            "module.eks.data.aws_partition.current",
            "module.vpc.aws_subnet.private",
            "module.vpc.aws_vpc.this",
            "module.vpc.aws_vpc_ipv4_cidr_block_association.this",
            "random_string.suffix"
          ],
          "create_before_destroy": true
        }
      ]
    },
    {
      "module": "module.eks",
      "mode": "managed",
      "type": "aws_iam_role_policy_attachment",
      "name": "cluster_AmazonEKSClusterPolicy",
      "provider": "provider[\"registry.terraform.io/hashicorp/aws\"]",
      "instances": [
        {
          "index_key": 0,
          "schema_version": 0,
          "attributes": {
            "id": "training-eks-chwxBQAU20201127015002472600000002-20201127015003557400000003",
            "policy_arn": "arn:aws:iam::aws:policy/AmazonEKSClusterPolicy",
            "role": "training-eks-chwxBQAU20201127015002472600000002"
          },
          "private": "bnVsbA==",
          "dependencies": [
            "module.eks.aws_iam_role.cluster",
            "module.eks.data.aws_iam_policy_document.cluster_assume_role_policy",
            "module.eks.data.aws_partition.current",
            "random_string.suffix"
          ],
          "create_before_destroy": true
        }
      ]
    },
    {
      "module": "module.eks",
      "mode": "managed",
      "type": "aws_iam_role_policy_attachment",
      "name": "cluster_AmazonEKSServicePolicy",
      "provider": "provider[\"registry.terraform.io/hashicorp/aws\"]",
      "instances": [
        {
          "index_key": 0,
          "schema_version": 0,
          "attributes": {
            "id": "training-eks-chwxBQAU20201127015002472600000002-20201127015003632200000005",
            "policy_arn": "arn:aws:iam::aws:policy/AmazonEKSServicePolicy",
            "role": "training-eks-chwxBQAU20201127015002472600000002"
          },
          "private": "bnVsbA==",
          "dependencies": [
            "module.eks.aws_iam_role.cluster",
            "module.eks.data.aws_iam_policy_document.cluster_assume_role_policy",
            "module.eks.data.aws_partition.current",
            "random_string.suffix"
          ],
          "create_before_destroy": true
        }
      ]
    },
    {
      "module": "module.eks",
      "mode": "managed",
      "type": "aws_iam_role_policy_attachment",
      "name": "cluster_AmazonEKSVPCResourceControllerPolicy",
      "provider": "provider[\"registry.terraform.io/hashicorp/aws\"]",
      "instances": [
        {
          "index_key": 0,
          "schema_version": 0,
          "attributes": {
            "id": "training-eks-chwxBQAU20201127015002472600000002-20201127015003631200000004",
            "policy_arn": "arn:aws:iam::aws:policy/AmazonEKSVPCResourceController",
            "role": "training-eks-chwxBQAU20201127015002472600000002"
          },
          "private": "bnVsbA==",
          "dependencies": [
            "module.eks.aws_iam_role.cluster",
            "module.eks.data.aws_iam_policy_document.cluster_assume_role_policy",
            "module.eks.data.aws_partition.current",
            "random_string.suffix"
          ],
          "create_before_destroy": true
        }
      ]
    },
    {
      "module": "module.eks",
      "mode": "managed",
      "type": "aws_iam_role_policy_attachment",
      "name": "cluster_elb_sl_role_creation",
      "provider": "provider[\"registry.terraform.io/hashicorp/aws\"]",
      "instances": [
        {
          "index_key": 0,
          "schema_version": 0,
          "attributes": {
            "id": "training-eks-chwxBQAU20201127015002472600000002-20201127015003849300000006",
            "policy_arn": "arn:aws:iam::714695812985:policy/training-eks-chwxBQAU-elb-sl-role-creation20201127015002438400000001",
            "role": "training-eks-chwxBQAU20201127015002472600000002"
          },
          "private": "bnVsbA==",
          "dependencies": [
            "module.eks.aws_iam_policy.cluster_elb_sl_role_creation",
            "module.eks.aws_iam_role.cluster",
            "module.eks.data.aws_iam_policy_document.cluster_assume_role_policy",
            "module.eks.data.aws_iam_policy_document.cluster_elb_sl_role_creation",
            "random_string.suffix"
          ]
        }
      ]
    },
    {
      "module": "module.eks",
      "mode": "managed",
      "type": "aws_iam_role_policy_attachment",
      "name": "workers_AmazonEC2ContainerRegistryReadOnly",
      "provider": "provider[\"registry.terraform.io/hashicorp/aws\"]",
      "instances": [
        {
          "index_key": 0,
          "schema_version": 0,
          "attributes": {
            "id": "training-eks-chwxBQAU2020112702200088510000000c-20201127022002962200000010",
            "policy_arn": "arn:aws:iam::aws:policy/AmazonEC2ContainerRegistryReadOnly",
            "role": "training-eks-chwxBQAU2020112702200088510000000c"
          },
          "private": "bnVsbA==",
          "dependencies": [
            "data.aws_availability_zones.available",
            "module.eks.aws_cloudwatch_log_group.this",
            "module.eks.aws_eks_cluster.this",
            "module.eks.aws_iam_role.cluster",
            "module.eks.aws_iam_role.workers",
            "module.eks.aws_iam_role_policy_attachment.cluster_AmazonEKSClusterPolicy",
            "module.eks.aws_iam_role_policy_attachment.cluster_AmazonEKSServicePolicy",
            "module.eks.aws_iam_role_policy_attachment.cluster_AmazonEKSVPCResourceControllerPolicy",
            "module.eks.aws_security_group.cluster",
            "module.eks.aws_security_group.workers",
            "module.eks.aws_security_group_rule.cluster_egress_internet",
            "module.eks.aws_security_group_rule.cluster_https_worker_ingress",
            "module.eks.data.aws_iam_policy_document.cluster_assume_role_policy",
            "module.eks.data.aws_iam_policy_document.workers_assume_role_policy",
            "module.eks.data.aws_iam_role.custom_cluster_iam_role",
            "module.eks.data.aws_partition.current",
            "module.vpc.aws_subnet.private",
            "module.vpc.aws_vpc.this",
            "module.vpc.aws_vpc_ipv4_cidr_block_association.this",
            "random_string.suffix"
          ],
          "create_before_destroy": true
        }
      ]
    },
    {
      "module": "module.eks",
      "mode": "managed",
      "type": "aws_iam_role_policy_attachment",
      "name": "workers_AmazonEKSWorkerNodePolicy",
      "provider": "provider[\"registry.terraform.io/hashicorp/aws\"]",
      "instances": [
        {
          "index_key": 0,
          "schema_version": 0,
          "attributes": {
            "id": "training-eks-chwxBQAU2020112702200088510000000c-20201127022003204700000011",
            "policy_arn": "arn:aws:iam::aws:policy/AmazonEKSWorkerNodePolicy",
            "role": "training-eks-chwxBQAU2020112702200088510000000c"
          },
          "private": "bnVsbA==",
          "dependencies": [
            "data.aws_availability_zones.available",
            "module.eks.aws_cloudwatch_log_group.this",
            "module.eks.aws_eks_cluster.this",
            "module.eks.aws_iam_role.cluster",
            "module.eks.aws_iam_role.workers",
            "module.eks.aws_iam_role_policy_attachment.cluster_AmazonEKSClusterPolicy",
            "module.eks.aws_iam_role_policy_attachment.cluster_AmazonEKSServicePolicy",
            "module.eks.aws_iam_role_policy_attachment.cluster_AmazonEKSVPCResourceControllerPolicy",
            "module.eks.aws_security_group.cluster",
            "module.eks.aws_security_group.workers",
            "module.eks.aws_security_group_rule.cluster_egress_internet",
            "module.eks.aws_security_group_rule.cluster_https_worker_ingress",
            "module.eks.data.aws_iam_policy_document.cluster_assume_role_policy",
            "module.eks.data.aws_iam_policy_document.workers_assume_role_policy",
            "module.eks.data.aws_iam_role.custom_cluster_iam_role",
            "module.eks.data.aws_partition.current",
            "module.vpc.aws_subnet.private",
            "module.vpc.aws_vpc.this",
            "module.vpc.aws_vpc_ipv4_cidr_block_association.this",
            "random_string.suffix"
          ],
          "create_before_destroy": true
        }
      ]
    },
    {
      "module": "module.eks",
      "mode": "managed",
      "type": "aws_iam_role_policy_attachment",
      "name": "workers_AmazonEKS_CNI_Policy",
      "provider": "provider[\"registry.terraform.io/hashicorp/aws\"]",
      "instances": [
        {
          "index_key": 0,
          "schema_version": 0,
          "attributes": {
            "id": "training-eks-chwxBQAU2020112702200088510000000c-2020112702200284840000000f",
            "policy_arn": "arn:aws:iam::aws:policy/AmazonEKS_CNI_Policy",
            "role": "training-eks-chwxBQAU2020112702200088510000000c"
          },
          "private": "bnVsbA==",
          "dependencies": [
            "data.aws_availability_zones.available",
            "module.eks.aws_cloudwatch_log_group.this",
            "module.eks.aws_eks_cluster.this",
            "module.eks.aws_iam_role.cluster",
            "module.eks.aws_iam_role.workers",
            "module.eks.aws_iam_role_policy_attachment.cluster_AmazonEKSClusterPolicy",
            "module.eks.aws_iam_role_policy_attachment.cluster_AmazonEKSServicePolicy",
            "module.eks.aws_iam_role_policy_attachment.cluster_AmazonEKSVPCResourceControllerPolicy",
            "module.eks.aws_security_group.cluster",
            "module.eks.aws_security_group.workers",
            "module.eks.aws_security_group_rule.cluster_egress_internet",
            "module.eks.aws_security_group_rule.cluster_https_worker_ingress",
            "module.eks.data.aws_iam_policy_document.cluster_assume_role_policy",
            "module.eks.data.aws_iam_policy_document.workers_assume_role_policy",
            "module.eks.data.aws_iam_role.custom_cluster_iam_role",
            "module.eks.data.aws_partition.current",
            "module.vpc.aws_subnet.private",
            "module.vpc.aws_vpc.this",
            "module.vpc.aws_vpc_ipv4_cidr_block_association.this",
            "random_string.suffix"
          ],
          "create_before_destroy": true
        }
      ]
    },
    {
      "module": "module.eks",
      "mode": "managed",
      "type": "aws_launch_configuration",
      "name": "workers",
      "provider": "provider[\"registry.terraform.io/hashicorp/aws\"]",
      "instances": [
        {
          "index_key": 0,
          "schema_version": 0,
          "attributes": {
            "arn": "arn:aws:autoscaling:us-east-2:714695812985:launchConfiguration:aeec10dc-ba80-46bd-b1f4-d93c4fd4d7de:launchConfigurationName/training-eks-chwxBQAU-worker-group-120201127022004388400000012",
            "associate_public_ip_address": false,
            "ebs_block_device": [],
            "ebs_optimized": false,
            "enable_monitoring": true,
            "ephemeral_block_device": [],
            "iam_instance_profile": "training-eks-chwxBQAU2020112702200237200000000e",
            "id": "training-eks-chwxBQAU-worker-group-120201127022004388400000012",
            "image_id": "ami-0c410307607cec926",
            "instance_type": "t2.small",
            "key_name": "",
            "name": "training-eks-chwxBQAU-worker-group-120201127022004388400000012",
            "name_prefix": "training-eks-chwxBQAU-worker-group-1",
            "placement_tenancy": "",
            "root_block_device": [
              {
                "delete_on_termination": true,
                "encrypted": false,
                "iops": 0,
                "volume_size": 100,
                "volume_type": "gp2"
              }
            ],
            "security_groups": [
              "sg-0aa0b53b63e99cf48",
              "sg-0ae6ef71b7affa88b"
            ],
            "spot_price": "",
            "user_data": null,
            "user_data_base64": "IyEvYmluL2Jhc2ggLXhlCgojIEFsbG93IHVzZXIgc3VwcGxpZWQgcHJlIHVzZXJkYXRhIGNvZGUKCgojIEJvb3RzdHJhcCBhbmQgam9pbiB0aGUgY2x1c3RlcgovZXRjL2Vrcy9ib290c3RyYXAuc2ggLS1iNjQtY2x1c3Rlci1jYSAnTFMwdExTMUNSVWRKVGlCRFJWSlVTVVpKUTBGVVJTMHRMUzB0Q2sxSlNVTjVSRU5EUVdKRFowRjNTVUpCWjBsQ1FVUkJUa0puYTNGb2EybEhPWGN3UWtGUmMwWkJSRUZXVFZKTmQwVlJXVVJXVVZGRVJYZHdjbVJYU213S1kyMDFiR1JIVm5wTlFqUllSRlJKZDAxVVJYbE9la0Y0VGxScmQwOUdiMWhFVkUxM1RWUkZlVTVVUVhoT1ZHdDNUMFp2ZDBaVVJWUk5Ra1ZIUVRGVlJRcEJlRTFMWVROV2FWcFlTblZhV0ZKc1kzcERRMEZUU1hkRVVWbEtTMjlhU1doMlkwNUJVVVZDUWxGQlJHZG5SVkJCUkVORFFWRnZRMmRuUlVKQlMzQndDakI0VG1relFWQXhhWEYzYmtWT09GcDNhV2N5U1dGc1YzVm1UME52U21OR1JrZDZVblp5YXpkTGJ6SkdUbEUxTjNCc2JHeGFXVmRaTDNJek4zcG5jRWdLWWsxRmVHeFpSbTlYU3pKV1RrVTBaMWx2YlZNM05rTkJTR3RhYzFCdk1IcHFNMmhUVGtSd2FXRTNaRmd3V0UxTlJWSmxTakJUY0hoc01uWkhhMUZrZHdwdVlVRkpkM2hDUlVSdmRYYzNRa3BsV1RFd2JFUXlSM05hVm1KT1pVSnhaVzRyUlRGNU0zZDBWVTRyUWtaT09FMHdhVlJHYVhOeFEzbDFXR1ZxZFU5WkNsUmlLM1Z4YkVWM1RqTnNRbmhyYjJWMWVrWmFaazVVZW5kRFRXMHpiMWhoTmxGMlpGRnpaM0ZCV1ZCUFJHd3JTVkkxZURCRVUweEhhekZ2UlZGckwzRUtTMWxSWVVsMk4xTjFNV2gxTW1GTFRWQnZRMU5OY1haak1WSkNUekpxYUd4b1RFSTFlR05SSzFCNFNGcEpUV0ZwTTBGNmRVbHVUbkZzUzJSVlRIcGtjd3AzV2pKMWNXRXZaMGxGUkRkeFdraE1iblJqUTBGM1JVRkJZVTFxVFVORmQwUm5XVVJXVWpCUVFWRklMMEpCVVVSQlowdHJUVUU0UjBFeFZXUkZkMFZDQ2k5M1VVWk5RVTFDUVdZNGQwUlJXVXBMYjFwSmFIWmpUa0ZSUlV4Q1VVRkVaMmRGUWtGSlNIaFdOSFl2TTBRM0wyWlNWRVZqVm1wSFJuZHlkeTlMYjFZS1dtSlBWVTlWTVdsMFkzVjFjSGt5U3pBMU1WTTJOMUY2VnpCaE1GcGlOV0kyVEdKbmJXcDRSSFp2TkVoM2JVMTNORmgzYVV4VVJrOVBlbVpyU2toNWRBcG9lRmRUUVZKak4wMUdPR2wyTVdsek1Fc3hMM2RIWW1KaVdGcHBkMFpOT1ZrclRFeENNRTR2VkRWWmRUaHBUalI0YVRSdVIzZExjRVpLWW1JMEx6RlBDamRxTlZWV1NIRnNSall6UlhVMldURkVhV05wYXpKaGRXcDVjSEJCZWpGNVFtUTJNbFZDWmxNNWMxSXhla3hsVUVOQ01UaDJkR1pEVERJMVJVcFRUblVLZFRSYWNGbDNRMWRSTmxsU04xWlBNVXRJY0ZWcVJYRk9XRlkyZEdaT05tNUlUVU15YkdkV2VtTmtiRXRzVFhkRU1GYzJibmx1WldReVUwUnBVMjUwVXdwV2JqTm9SRkJzYW5wMlZXTTBkbVZLYWpoYVVFUnNRWFJwUmxSWlEybEtOMDFQVGtab1RqUTBhVGNyUmt0alRVWlJOVEF2VDFOSlVqVkRkejBLTFMwdExTMUZUa1FnUTBWU1ZFbEdTVU5CVkVVdExTMHRMUW89JyAtLWFwaXNlcnZlci1lbmRwb2ludCAnaHR0cHM6Ly9BOEM4QzdCMzY0QkIxRTUxRDRFNEIyQkI5QzlENTczOC55bDQudXMtZWFzdC0yLmVrcy5hbWF6b25hd3MuY29tJyAgLS1rdWJlbGV0LWV4dHJhLWFyZ3MgIiIgJ3RyYWluaW5nLWVrcy1jaHd4QlFBVScKCiMgQWxsb3cgdXNlciBzdXBwbGllZCB1c2VyZGF0YSBjb2RlCmVjaG8gZm9vIGJhcgo=",
            "vpc_classic_link_id": "",
            "vpc_classic_link_security_groups": null
          },
          "private": "bnVsbA==",
          "dependencies": [
            "aws_security_group.worker_group_mgmt_one",
            "aws_security_group.worker_group_mgmt_two",
            "data.aws_availability_zones.available",
            "module.eks.aws_cloudwatch_log_group.this",
            "module.eks.aws_eks_cluster.this",
            "module.eks.aws_iam_instance_profile.workers",
            "module.eks.aws_iam_role.cluster",
            "module.eks.aws_iam_role.workers",
            "module.eks.aws_iam_role_policy_attachment.cluster_AmazonEKSClusterPolicy",
            "module.eks.aws_iam_role_policy_attachment.cluster_AmazonEKSServicePolicy",
            "module.eks.aws_iam_role_policy_attachment.cluster_AmazonEKSVPCResourceControllerPolicy",
            "module.eks.aws_iam_role_policy_attachment.workers_AmazonEC2ContainerRegistryReadOnly",
            "module.eks.aws_iam_role_policy_attachment.workers_AmazonEKSWorkerNodePolicy",
            "module.eks.aws_iam_role_policy_attachment.workers_AmazonEKS_CNI_Policy",
            "module.eks.aws_iam_role_policy_attachment.workers_additional_policies",
            "module.eks.aws_security_group.cluster",
            "module.eks.aws_security_group.workers",
            "module.eks.aws_security_group_rule.cluster_egress_internet",
            "module.eks.aws_security_group_rule.cluster_https_worker_ingress",
            "module.eks.aws_security_group_rule.cluster_primary_ingress_workers",
            "module.eks.aws_security_group_rule.workers_egress_internet",
            "module.eks.aws_security_group_rule.workers_ingress_cluster",
            "module.eks.aws_security_group_rule.workers_ingress_cluster_https",
            "module.eks.aws_security_group_rule.workers_ingress_cluster_kubelet",
            "module.eks.aws_security_group_rule.workers_ingress_cluster_primary",
            "module.eks.aws_security_group_rule.workers_ingress_self",
            "module.eks.data.aws_ami.eks_worker",
            "module.eks.data.aws_ami.eks_worker_windows",
            "module.eks.data.aws_iam_instance_profile.custom_worker_group_iam_instance_profile",
            "module.eks.data.aws_iam_policy_document.cluster_assume_role_policy",
            "module.eks.data.aws_iam_policy_document.workers_assume_role_policy",
            "module.eks.data.aws_iam_role.custom_cluster_iam_role",
            "module.eks.data.aws_partition.current",
            "module.eks.data.template_file.userdata",
            "module.vpc.aws_subnet.private",
            "module.vpc.aws_vpc.this",
            "module.vpc.aws_vpc_ipv4_cidr_block_association.this",
            "random_string.suffix"
          ],
          "create_before_destroy": true
        },
        {
          "index_key": 1,
          "schema_version": 0,
          "attributes": {
            "arn": "arn:aws:autoscaling:us-east-2:714695812985:launchConfiguration:ba9c070a-5a7a-46f9-b50e-0d48c8fa9d4e:launchConfigurationName/training-eks-chwxBQAU-worker-group-220201127022004421900000013",
            "associate_public_ip_address": false,
            "ebs_block_device": [],
            "ebs_optimized": false,
            "enable_monitoring": true,
            "ephemeral_block_device": [],
            "iam_instance_profile": "training-eks-chwxBQAU2020112702200235860000000d",
            "id": "training-eks-chwxBQAU-worker-group-220201127022004421900000013",
            "image_id": "ami-0c410307607cec926",
            "instance_type": "t2.medium",
            "key_name": "",
            "name": "training-eks-chwxBQAU-worker-group-220201127022004421900000013",
            "name_prefix": "training-eks-chwxBQAU-worker-group-2",
            "placement_tenancy": "",
            "root_block_device": [
              {
                "delete_on_termination": true,
                "encrypted": false,
                "iops": 0,
                "volume_size": 100,
                "volume_type": "gp2"
              }
            ],
            "security_groups": [
              "sg-030392a2bb95ac472",
              "sg-0aa0b53b63e99cf48"
            ],
            "spot_price": "",
            "user_data": null,
            "user_data_base64": "IyEvYmluL2Jhc2ggLXhlCgojIEFsbG93IHVzZXIgc3VwcGxpZWQgcHJlIHVzZXJkYXRhIGNvZGUKCgojIEJvb3RzdHJhcCBhbmQgam9pbiB0aGUgY2x1c3RlcgovZXRjL2Vrcy9ib290c3RyYXAuc2ggLS1iNjQtY2x1c3Rlci1jYSAnTFMwdExTMUNSVWRKVGlCRFJWSlVTVVpKUTBGVVJTMHRMUzB0Q2sxSlNVTjVSRU5EUVdKRFowRjNTVUpCWjBsQ1FVUkJUa0puYTNGb2EybEhPWGN3UWtGUmMwWkJSRUZXVFZKTmQwVlJXVVJXVVZGRVJYZHdjbVJYU213S1kyMDFiR1JIVm5wTlFqUllSRlJKZDAxVVJYbE9la0Y0VGxScmQwOUdiMWhFVkUxM1RWUkZlVTVVUVhoT1ZHdDNUMFp2ZDBaVVJWUk5Ra1ZIUVRGVlJRcEJlRTFMWVROV2FWcFlTblZhV0ZKc1kzcERRMEZUU1hkRVVWbEtTMjlhU1doMlkwNUJVVVZDUWxGQlJHZG5SVkJCUkVORFFWRnZRMmRuUlVKQlMzQndDakI0VG1relFWQXhhWEYzYmtWT09GcDNhV2N5U1dGc1YzVm1UME52U21OR1JrZDZVblp5YXpkTGJ6SkdUbEUxTjNCc2JHeGFXVmRaTDNJek4zcG5jRWdLWWsxRmVHeFpSbTlYU3pKV1RrVTBaMWx2YlZNM05rTkJTR3RhYzFCdk1IcHFNMmhUVGtSd2FXRTNaRmd3V0UxTlJWSmxTakJUY0hoc01uWkhhMUZrZHdwdVlVRkpkM2hDUlVSdmRYYzNRa3BsV1RFd2JFUXlSM05hVm1KT1pVSnhaVzRyUlRGNU0zZDBWVTRyUWtaT09FMHdhVlJHYVhOeFEzbDFXR1ZxZFU5WkNsUmlLM1Z4YkVWM1RqTnNRbmhyYjJWMWVrWmFaazVVZW5kRFRXMHpiMWhoTmxGMlpGRnpaM0ZCV1ZCUFJHd3JTVkkxZURCRVUweEhhekZ2UlZGckwzRUtTMWxSWVVsMk4xTjFNV2gxTW1GTFRWQnZRMU5OY1haak1WSkNUekpxYUd4b1RFSTFlR05SSzFCNFNGcEpUV0ZwTTBGNmRVbHVUbkZzUzJSVlRIcGtjd3AzV2pKMWNXRXZaMGxGUkRkeFdraE1iblJqUTBGM1JVRkJZVTFxVFVORmQwUm5XVVJXVWpCUVFWRklMMEpCVVVSQlowdHJUVUU0UjBFeFZXUkZkMFZDQ2k5M1VVWk5RVTFDUVdZNGQwUlJXVXBMYjFwSmFIWmpUa0ZSUlV4Q1VVRkVaMmRGUWtGSlNIaFdOSFl2TTBRM0wyWlNWRVZqVm1wSFJuZHlkeTlMYjFZS1dtSlBWVTlWTVdsMFkzVjFjSGt5U3pBMU1WTTJOMUY2VnpCaE1GcGlOV0kyVEdKbmJXcDRSSFp2TkVoM2JVMTNORmgzYVV4VVJrOVBlbVpyU2toNWRBcG9lRmRUUVZKak4wMUdPR2wyTVdsek1Fc3hMM2RIWW1KaVdGcHBkMFpOT1ZrclRFeENNRTR2VkRWWmRUaHBUalI0YVRSdVIzZExjRVpLWW1JMEx6RlBDamRxTlZWV1NIRnNSall6UlhVMldURkVhV05wYXpKaGRXcDVjSEJCZWpGNVFtUTJNbFZDWmxNNWMxSXhla3hsVUVOQ01UaDJkR1pEVERJMVJVcFRUblVLZFRSYWNGbDNRMWRSTmxsU04xWlBNVXRJY0ZWcVJYRk9XRlkyZEdaT05tNUlUVU15YkdkV2VtTmtiRXRzVFhkRU1GYzJibmx1WldReVUwUnBVMjUwVXdwV2JqTm9SRkJzYW5wMlZXTTBkbVZLYWpoYVVFUnNRWFJwUmxSWlEybEtOMDFQVGtab1RqUTBhVGNyUmt0alRVWlJOVEF2VDFOSlVqVkRkejBLTFMwdExTMUZUa1FnUTBWU1ZFbEdTVU5CVkVVdExTMHRMUW89JyAtLWFwaXNlcnZlci1lbmRwb2ludCAnaHR0cHM6Ly9BOEM4QzdCMzY0QkIxRTUxRDRFNEIyQkI5QzlENTczOC55bDQudXMtZWFzdC0yLmVrcy5hbWF6b25hd3MuY29tJyAgLS1rdWJlbGV0LWV4dHJhLWFyZ3MgIiIgJ3RyYWluaW5nLWVrcy1jaHd4QlFBVScKCiMgQWxsb3cgdXNlciBzdXBwbGllZCB1c2VyZGF0YSBjb2RlCmVjaG8gZm9vIGJhcgo=",
            "vpc_classic_link_id": "",
            "vpc_classic_link_security_groups": null
          },
          "private": "bnVsbA==",
          "dependencies": [
            "aws_security_group.worker_group_mgmt_one",
            "aws_security_group.worker_group_mgmt_two",
            "data.aws_availability_zones.available",
            "module.eks.aws_cloudwatch_log_group.this",
            "module.eks.aws_eks_cluster.this",
            "module.eks.aws_iam_instance_profile.workers",
            "module.eks.aws_iam_role.cluster",
            "module.eks.aws_iam_role.workers",
            "module.eks.aws_iam_role_policy_attachment.cluster_AmazonEKSClusterPolicy",
            "module.eks.aws_iam_role_policy_attachment.cluster_AmazonEKSServicePolicy",
            "module.eks.aws_iam_role_policy_attachment.cluster_AmazonEKSVPCResourceControllerPolicy",
            "module.eks.aws_iam_role_policy_attachment.workers_AmazonEC2ContainerRegistryReadOnly",
            "module.eks.aws_iam_role_policy_attachment.workers_AmazonEKSWorkerNodePolicy",
            "module.eks.aws_iam_role_policy_attachment.workers_AmazonEKS_CNI_Policy",
            "module.eks.aws_iam_role_policy_attachment.workers_additional_policies",
            "module.eks.aws_security_group.cluster",
            "module.eks.aws_security_group.workers",
            "module.eks.aws_security_group_rule.cluster_egress_internet",
            "module.eks.aws_security_group_rule.cluster_https_worker_ingress",
            "module.eks.aws_security_group_rule.cluster_primary_ingress_workers",
            "module.eks.aws_security_group_rule.workers_egress_internet",
            "module.eks.aws_security_group_rule.workers_ingress_cluster",
            "module.eks.aws_security_group_rule.workers_ingress_cluster_https",
            "module.eks.aws_security_group_rule.workers_ingress_cluster_kubelet",
            "module.eks.aws_security_group_rule.workers_ingress_cluster_primary",
            "module.eks.aws_security_group_rule.workers_ingress_self",
            "module.eks.data.aws_ami.eks_worker",
            "module.eks.data.aws_ami.eks_worker_windows",
            "module.eks.data.aws_iam_instance_profile.custom_worker_group_iam_instance_profile",
            "module.eks.data.aws_iam_policy_document.cluster_assume_role_policy",
            "module.eks.data.aws_iam_policy_document.workers_assume_role_policy",
            "module.eks.data.aws_iam_role.custom_cluster_iam_role",
            "module.eks.data.aws_partition.current",
            "module.eks.data.template_file.userdata",
            "module.vpc.aws_subnet.private",
            "module.vpc.aws_vpc.this",
            "module.vpc.aws_vpc_ipv4_cidr_block_association.this",
            "random_string.suffix"
          ],
          "create_before_destroy": true
        }
      ]
    },
    {
      "module": "module.eks",
      "mode": "managed",
      "type": "aws_security_group",
      "name": "cluster",
      "provider": "provider[\"registry.terraform.io/hashicorp/aws\"]",
      "instances": [
        {
          "index_key": 0,
          "schema_version": 1,
          "attributes": {
            "arn": "arn:aws:ec2:us-east-2:714695812985:security-group/sg-09e194a176612ec1a",
            "description": "EKS cluster security group.",
            "egress": [],
            "id": "sg-09e194a176612ec1a",
            "ingress": [],
            "name": "training-eks-chwxBQAU2020112701500972780000000b",
            "name_prefix": "training-eks-chwxBQAU",
            "owner_id": "714695812985",
            "revoke_rules_on_delete": false,
            "tags": {
              "Environment": "training",
              "GithubOrg": "terraform-aws-modules",
              "GithubRepo": "terraform-aws-eks",
              "Name": "training-eks-chwxBQAU-eks_cluster_sg"
            },
            "timeouts": null,
            "vpc_id": "vpc-0ffd122a836d730ff"
          },
          "private": "eyJlMmJmYjczMC1lY2FhLTExZTYtOGY4OC0zNDM2M2JjN2M0YzAiOnsiY3JlYXRlIjo2MDAwMDAwMDAwMDAsImRlbGV0ZSI6NjAwMDAwMDAwMDAwfSwic2NoZW1hX3ZlcnNpb24iOiIxIn0=",
          "dependencies": [
            "module.vpc.aws_vpc.this",
            "random_string.suffix"
          ],
          "create_before_destroy": true
        }
      ]
    },
    {
      "module": "module.eks",
      "mode": "managed",
      "type": "aws_security_group",
      "name": "workers",
      "provider": "provider[\"registry.terraform.io/hashicorp/aws\"]",
      "instances": [
        {
          "index_key": 0,
          "schema_version": 1,
          "attributes": {
            "arn": "arn:aws:ec2:us-east-2:714695812985:security-group/sg-0aa0b53b63e99cf48",
            "description": "Security group for all nodes in the cluster.",
            "egress": [],
            "id": "sg-0aa0b53b63e99cf48",
            "ingress": [],
            "name": "training-eks-chwxBQAU2020112701500972380000000a",
            "name_prefix": "training-eks-chwxBQAU",
            "owner_id": "714695812985",
            "revoke_rules_on_delete": false,
            "tags": {
              "Environment": "training",
              "GithubOrg": "terraform-aws-modules",
              "GithubRepo": "terraform-aws-eks",
              "Name": "training-eks-chwxBQAU-eks_worker_sg",
              "kubernetes.io/cluster/training-eks-chwxBQAU": "owned"
            },
            "timeouts": null,
            "vpc_id": "vpc-0ffd122a836d730ff"
          },
          "private": "eyJlMmJmYjczMC1lY2FhLTExZTYtOGY4OC0zNDM2M2JjN2M0YzAiOnsiY3JlYXRlIjo2MDAwMDAwMDAwMDAsImRlbGV0ZSI6NjAwMDAwMDAwMDAwfSwic2NoZW1hX3ZlcnNpb24iOiIxIn0=",
          "dependencies": [
            "module.vpc.aws_vpc.this",
            "random_string.suffix"
          ],
          "create_before_destroy": true
        }
      ]
    },
    {
      "module": "module.eks",
      "mode": "managed",
      "type": "aws_security_group_rule",
      "name": "cluster_egress_internet",
      "provider": "provider[\"registry.terraform.io/hashicorp/aws\"]",
      "instances": [
        {
          "index_key": 0,
          "schema_version": 2,
          "attributes": {
            "cidr_blocks": [
              "0.0.0.0/0"
            ],
            "description": "Allow cluster egress access to the Internet.",
            "from_port": 0,
            "id": "sgrule-514686383",
            "ipv6_cidr_blocks": null,
            "prefix_list_ids": null,
            "protocol": "-1",
            "security_group_id": "sg-09e194a176612ec1a",
            "self": false,
            "source_security_group_id": null,
            "to_port": 0,
            "type": "egress"
          },
          "private": "eyJzY2hlbWFfdmVyc2lvbiI6IjIifQ==",
          "dependencies": [
            "module.eks.aws_security_group.cluster",
            "module.vpc.aws_vpc.this",
            "random_string.suffix"
          ],
          "create_before_destroy": true
        }
      ]
    },
    {
      "module": "module.eks",
      "mode": "managed",
      "type": "aws_security_group_rule",
      "name": "cluster_https_worker_ingress",
      "provider": "provider[\"registry.terraform.io/hashicorp/aws\"]",
      "instances": [
        {
          "index_key": 0,
          "schema_version": 2,
          "attributes": {
            "cidr_blocks": null,
            "description": "Allow pods to communicate with the EKS cluster API.",
            "from_port": 443,
            "id": "sgrule-3387653150",
            "ipv6_cidr_blocks": null,
            "prefix_list_ids": null,
            "protocol": "tcp",
            "security_group_id": "sg-09e194a176612ec1a",
            "self": false,
            "source_security_group_id": "sg-0aa0b53b63e99cf48",
            "to_port": 443,
            "type": "ingress"
          },
          "private": "eyJzY2hlbWFfdmVyc2lvbiI6IjIifQ==",
          "dependencies": [
            "module.eks.aws_security_group.cluster",
            "module.eks.aws_security_group.workers",
            "module.vpc.aws_vpc.this",
            "random_string.suffix"
          ],
          "create_before_destroy": true
        }
      ]
    },
    {
      "module": "module.eks",
      "mode": "managed",
      "type": "aws_security_group_rule",
      "name": "workers_egress_internet",
      "provider": "provider[\"registry.terraform.io/hashicorp/aws\"]",
      "instances": [
        {
          "index_key": 0,
          "schema_version": 2,
          "attributes": {
            "cidr_blocks": [
              "0.0.0.0/0"
            ],
            "description": "Allow nodes all egress to the Internet.",
            "from_port": 0,
            "id": "sgrule-2109298771",
            "ipv6_cidr_blocks": null,
            "prefix_list_ids": null,
            "protocol": "-1",
            "security_group_id": "sg-0aa0b53b63e99cf48",
            "self": false,
            "source_security_group_id": null,
            "to_port": 0,
            "type": "egress"
          },
          "private": "eyJzY2hlbWFfdmVyc2lvbiI6IjIifQ==",
          "dependencies": [
            "module.eks.aws_security_group.workers",
            "module.vpc.aws_vpc.this",
            "random_string.suffix"
          ],
          "create_before_destroy": true
        }
      ]
    },
    {
      "module": "module.eks",
      "mode": "managed",
      "type": "aws_security_group_rule",
      "name": "workers_ingress_cluster",
      "provider": "provider[\"registry.terraform.io/hashicorp/aws\"]",
      "instances": [
        {
          "index_key": 0,
          "schema_version": 2,
          "attributes": {
            "cidr_blocks": null,
            "description": "Allow workers pods to receive communication from the cluster control plane.",
            "from_port": 1025,
            "id": "sgrule-3176337200",
            "ipv6_cidr_blocks": null,
            "prefix_list_ids": null,
            "protocol": "tcp",
            "security_group_id": "sg-0aa0b53b63e99cf48",
            "self": false,
            "source_security_group_id": "sg-09e194a176612ec1a",
            "to_port": 65535,
            "type": "ingress"
          },
          "private": "eyJzY2hlbWFfdmVyc2lvbiI6IjIifQ==",
          "dependencies": [
            "module.eks.aws_security_group.cluster",
            "module.eks.aws_security_group.workers",
            "module.vpc.aws_vpc.this",
            "random_string.suffix"
          ],
          "create_before_destroy": true
        }
      ]
    },
    {
      "module": "module.eks",
      "mode": "managed",
      "type": "aws_security_group_rule",
      "name": "workers_ingress_cluster_https",
      "provider": "provider[\"registry.terraform.io/hashicorp/aws\"]",
      "instances": [
        {
          "index_key": 0,
          "schema_version": 2,
          "attributes": {
            "cidr_blocks": null,
            "description": "Allow pods running extension API servers on port 443 to receive communication from cluster control plane.",
            "from_port": 443,
            "id": "sgrule-2986786766",
            "ipv6_cidr_blocks": null,
            "prefix_list_ids": null,
            "protocol": "tcp",
            "security_group_id": "sg-0aa0b53b63e99cf48",
            "self": false,
            "source_security_group_id": "sg-09e194a176612ec1a",
            "to_port": 443,
            "type": "ingress"
          },
          "private": "eyJzY2hlbWFfdmVyc2lvbiI6IjIifQ==",
          "dependencies": [
            "module.eks.aws_security_group.cluster",
            "module.eks.aws_security_group.workers",
            "module.vpc.aws_vpc.this",
            "random_string.suffix"
          ],
          "create_before_destroy": true
        }
      ]
    },
    {
      "module": "module.eks",
      "mode": "managed",
      "type": "aws_security_group_rule",
      "name": "workers_ingress_self",
      "provider": "provider[\"registry.terraform.io/hashicorp/aws\"]",
      "instances": [
        {
          "index_key": 0,
          "schema_version": 2,
          "attributes": {
            "cidr_blocks": null,
            "description": "Allow node to communicate with each other.",
            "from_port": 0,
            "id": "sgrule-1354187659",
            "ipv6_cidr_blocks": null,
            "prefix_list_ids": null,
            "protocol": "-1",
            "security_group_id": "sg-0aa0b53b63e99cf48",
            "self": false,
            "source_security_group_id": "sg-0aa0b53b63e99cf48",
            "to_port": 65535,
            "type": "ingress"
          },
          "private": "eyJzY2hlbWFfdmVyc2lvbiI6IjIifQ==",
          "dependencies": [
            "module.eks.aws_security_group.workers",
            "module.vpc.aws_vpc.this",
            "random_string.suffix"
          ],
          "create_before_destroy": true
        }
      ]
    },
    {
      "module": "module.eks",
      "mode": "managed",
      "type": "kubernetes_config_map",
      "name": "aws_auth",
      "provider": "provider[\"registry.terraform.io/hashicorp/kubernetes\"]",
      "instances": [
        {
          "index_key": 0,
          "schema_version": 0,
          "attributes": {
            "binary_data": null,
            "data": {
              "mapAccounts": "[]\n",
              "mapRoles": "- \"groups\":\n  - \"system:bootstrappers\"\n  - \"system:nodes\"\n  \"rolearn\": \"arn:aws:iam::714695812985:role/training-eks-chwxBQAU2020112702200088510000000c\"\n  \"username\": \"system:node:{{EC2PrivateDNSName}}\"\n",
              "mapUsers": "[]\n"
            },
            "id": "kube-system/aws-auth",
            "metadata": [
              {
                "annotations": null,
                "generate_name": "",
                "generation": 0,
                "labels": {
                  "app.kubernetes.io/managed-by": "Terraform",
                  "terraform.io/module": "terraform-aws-modules.eks.aws"
                },
                "name": "aws-auth",
                "namespace": "kube-system",
                "resource_version": "3631",
                "self_link": "/api/v1/namespaces/kube-system/configmaps/aws-auth",
                "uid": "2f27e396-4813-455d-a281-631696f61e50"
              }
            ]
          },
          "private": "bnVsbA==",
          "dependencies": [
            "aws_security_group.worker_group_mgmt_one",
            "aws_security_group.worker_group_mgmt_two",
            "data.aws_availability_zones.available",
            "data.aws_eks_cluster.cluster",
            "data.aws_eks_cluster_auth.cluster",
            "module.eks.aws_cloudwatch_log_group.this",
            "module.eks.aws_eks_cluster.this",
            "module.eks.aws_iam_instance_profile.workers",
            "module.eks.aws_iam_instance_profile.workers_launch_template",
            "module.eks.aws_iam_role.cluster",
            "module.eks.aws_iam_role.workers",
            "module.eks.aws_iam_role_policy_attachment.cluster_AmazonEKSClusterPolicy",
            "module.eks.aws_iam_role_policy_attachment.cluster_AmazonEKSServicePolicy",
            "module.eks.aws_iam_role_policy_attachment.cluster_AmazonEKSVPCResourceControllerPolicy",
            "module.eks.aws_security_group.cluster",
            "module.eks.aws_security_group.workers",
            "module.eks.aws_security_group_rule.cluster_egress_internet",
            "module.eks.aws_security_group_rule.cluster_https_worker_ingress",
            "module.eks.aws_security_group_rule.cluster_private_access",
            "module.eks.data.aws_ami.eks_worker",
            "module.eks.data.aws_caller_identity.current",
            "module.eks.data.aws_iam_instance_profile.custom_worker_group_iam_instance_profile",
            "module.eks.data.aws_iam_instance_profile.custom_worker_group_launch_template_iam_instance_profile",
            "module.eks.data.aws_iam_policy_document.cluster_assume_role_policy",
            "module.eks.data.aws_iam_policy_document.workers_assume_role_policy",
            "module.eks.data.aws_iam_role.custom_cluster_iam_role",
            "module.eks.data.aws_partition.current",
            "module.eks.module.fargate.aws_iam_role.eks_fargate_pod",
            "module.eks.module.fargate.data.aws_iam_role.custom_fargate_iam_role",
            "module.eks.null_resource.wait_for_cluster",
            "module.vpc.aws_subnet.private",
            "module.vpc.aws_vpc.this",
            "module.vpc.aws_vpc_ipv4_cidr_block_association.this",
            "random_string.suffix"
          ]
        }
      ]
    },
    {
      "module": "module.eks",
      "mode": "managed",
      "type": "local_file",
      "name": "kubeconfig",
      "provider": "provider[\"registry.terraform.io/hashicorp/local\"]",
      "instances": [
        {
          "index_key": 0,
          "schema_version": 0,
          "attributes": {
            "content": "apiVersion: v1\npreferences: {}\nkind: Config\n\nclusters:\n- cluster:\n    server: https://A8C8C7B364BB1E51D4E4B2BB9C9D5738.yl4.us-east-2.eks.amazonaws.com\n    certificate-authority-data: LS0tLS1CRUdJTiBDRVJUSUZJQ0FURS0tLS0tCk1JSUN5RENDQWJDZ0F3SUJBZ0lCQURBTkJna3Foa2lHOXcwQkFRc0ZBREFWTVJNd0VRWURWUVFERXdwcmRXSmwKY201bGRHVnpNQjRYRFRJd01URXlOekF4TlRrd09Gb1hEVE13TVRFeU5UQXhOVGt3T0Zvd0ZURVRNQkVHQTFVRQpBeE1LYTNWaVpYSnVaWFJsY3pDQ0FTSXdEUVlKS29aSWh2Y05BUUVCQlFBRGdnRVBBRENDQVFvQ2dnRUJBS3BwCjB4TmkzQVAxaXF3bkVOOFp3aWcySWFsV3VmT0NvSmNGRkd6UnZyazdLbzJGTlE1N3BsbGxaWVdZL3IzN3pncEgKYk1FeGxZRm9XSzJWTkU0Z1lvbVM3NkNBSGtac1BvMHpqM2hTTkRwaWE3ZFgwWE1NRVJlSjBTcHhsMnZHa1FkdwpuYUFJd3hCRURvdXc3QkplWTEwbEQyR3NaVmJOZUJxZW4rRTF5M3d0VU4rQkZOOE0waVRGaXNxQ3l1WGVqdU9ZClRiK3VxbEV3TjNsQnhrb2V1ekZaZk5UendDTW0zb1hhNlF2ZFFzZ3FBWVBPRGwrSVI1eDBEU0xHazFvRVFrL3EKS1lRYUl2N1N1MWh1MmFLTVBvQ1NNcXZjMVJCTzJqaGxoTEI1eGNRK1B4SFpJTWFpM0F6dUluTnFsS2RVTHpkcwp3WjJ1cWEvZ0lFRDdxWkhMbnRjQ0F3RUFBYU1qTUNFd0RnWURWUjBQQVFIL0JBUURBZ0trTUE4R0ExVWRFd0VCCi93UUZNQU1CQWY4d0RRWUpLb1pJaHZjTkFRRUxCUUFEZ2dFQkFJSHhWNHYvM0Q3L2ZSVEVjVmpHRndydy9Lb1YKWmJPVU9VMWl0Y3V1cHkySzA1MVM2N1F6VzBhMFpiNWI2TGJnbWp4RHZvNEh3bU13NFh3aUxURk9PemZrSkh5dApoeFdTQVJjN01GOGl2MWlzMEsxL3dHYmJiWFppd0ZNOVkrTExCME4vVDVZdThpTjR4aTRuR3dLcEZKYmI0LzFPCjdqNVVWSHFsRjYzRXU2WTFEaWNpazJhdWp5cHBBejF5QmQ2MlVCZlM5c1IxekxlUENCMTh2dGZDTDI1RUpTTnUKdTRacFl3Q1dRNllSN1ZPMUtIcFVqRXFOWFY2dGZONm5ITUMybGdWemNkbEtsTXdEMFc2bnluZWQyU0RpU250UwpWbjNoRFBsanp2VWM0dmVKajhaUERsQXRpRlRZQ2lKN01PTkZoTjQ0aTcrRktjTUZRNTAvT1NJUjVDdz0KLS0tLS1FTkQgQ0VSVElGSUNBVEUtLS0tLQo=\n  name: eks_training-eks-chwxBQAU\n\ncontexts:\n- context:\n    cluster: eks_training-eks-chwxBQAU\n    user: eks_training-eks-chwxBQAU\n  name: eks_training-eks-chwxBQAU\n\ncurrent-context: eks_training-eks-chwxBQAU\n\nusers:\n- name: eks_training-eks-chwxBQAU\n  user:\n    exec:\n      apiVersion: client.authentication.k8s.io/v1alpha1\n      command: aws-iam-authenticator\n      args:\n        - \"token\"\n        - \"-i\"\n        - \"training-eks-chwxBQAU\"\n",
            "content_base64": null,
            "directory_permission": "0755",
            "file_permission": "0644",
            "filename": "./kubeconfig_training-eks-chwxBQAU",
            "id": "bd9bc727cb733fd14f9e6400868ce1b0daa514e1",
            "sensitive_content": null
          },
          "private": "bnVsbA==",
          "dependencies": [
            "data.aws_availability_zones.available",
            "module.eks.aws_cloudwatch_log_group.this",
            "module.eks.aws_eks_cluster.this",
            "module.eks.aws_iam_role.cluster",
            "module.eks.aws_iam_role_policy_attachment.cluster_AmazonEKSClusterPolicy",
            "module.eks.aws_iam_role_policy_attachment.cluster_AmazonEKSServicePolicy",
            "module.eks.aws_iam_role_policy_attachment.cluster_AmazonEKSVPCResourceControllerPolicy",
            "module.eks.aws_security_group.cluster",
            "module.eks.aws_security_group.workers",
            "module.eks.aws_security_group_rule.cluster_egress_internet",
            "module.eks.aws_security_group_rule.cluster_https_worker_ingress",
            "module.eks.data.aws_iam_policy_document.cluster_assume_role_policy",
            "module.eks.data.aws_iam_role.custom_cluster_iam_role",
            "module.eks.data.aws_partition.current",
            "module.vpc.aws_subnet.private",
            "module.vpc.aws_vpc.this",
            "module.vpc.aws_vpc_ipv4_cidr_block_association.this",
            "random_string.suffix"
          ]
        }
      ]
    },
    {
      "module": "module.eks",
      "mode": "managed",
      "type": "null_resource",
      "name": "wait_for_cluster",
      "provider": "provider[\"registry.terraform.io/hashicorp/null\"]",
      "instances": [
        {
          "index_key": 0,
          "schema_version": 0,
          "attributes": {
            "id": "8050293932298396046",
            "triggers": null
          },
          "private": "bnVsbA==",
          "dependencies": [
            "data.aws_availability_zones.available",
            "module.eks.aws_cloudwatch_log_group.this",
            "module.eks.aws_eks_cluster.this",
            "module.eks.aws_iam_role.cluster",
            "module.eks.aws_iam_role_policy_attachment.cluster_AmazonEKSClusterPolicy",
            "module.eks.aws_iam_role_policy_attachment.cluster_AmazonEKSServicePolicy",
            "module.eks.aws_iam_role_policy_attachment.cluster_AmazonEKSVPCResourceControllerPolicy",
            "module.eks.aws_security_group.cluster",
            "module.eks.aws_security_group.workers",
            "module.eks.aws_security_group_rule.cluster_egress_internet",
            "module.eks.aws_security_group_rule.cluster_https_worker_ingress",
            "module.eks.aws_security_group_rule.cluster_private_access",
            "module.eks.data.aws_iam_policy_document.cluster_assume_role_policy",
            "module.eks.data.aws_iam_role.custom_cluster_iam_role",
            "module.eks.data.aws_partition.current",
            "module.vpc.aws_subnet.private",
            "module.vpc.aws_vpc.this",
            "module.vpc.aws_vpc_ipv4_cidr_block_association.this",
            "random_string.suffix"
          ]
        }
      ]
    },
    {
      "module": "module.eks",
      "mode": "managed",
      "type": "random_pet",
      "name": "workers",
      "provider": "provider[\"registry.terraform.io/hashicorp/random\"]",
      "instances": [
        {
          "index_key": 0,
          "schema_version": 0,
          "attributes": {
            "id": "hardy-kitten",
            "keepers": {
              "lc_name": "training-eks-chwxBQAU-worker-group-120201127022004388400000012"
            },
            "length": 2,
            "prefix": null,
            "separator": "-"
          },
          "private": "bnVsbA==",
          "dependencies": [
            "aws_security_group.worker_group_mgmt_one",
            "aws_security_group.worker_group_mgmt_two",
            "data.aws_availability_zones.available",
            "module.eks.aws_cloudwatch_log_group.this",
            "module.eks.aws_eks_cluster.this",
            "module.eks.aws_iam_instance_profile.workers",
            "module.eks.aws_iam_role.cluster",
            "module.eks.aws_iam_role.workers",
            "module.eks.aws_iam_role_policy_attachment.cluster_AmazonEKSClusterPolicy",
            "module.eks.aws_iam_role_policy_attachment.cluster_AmazonEKSServicePolicy",
            "module.eks.aws_iam_role_policy_attachment.cluster_AmazonEKSVPCResourceControllerPolicy",
            "module.eks.aws_iam_role_policy_attachment.workers_AmazonEC2ContainerRegistryReadOnly",
            "module.eks.aws_iam_role_policy_attachment.workers_AmazonEKSWorkerNodePolicy",
            "module.eks.aws_iam_role_policy_attachment.workers_AmazonEKS_CNI_Policy",
            "module.eks.aws_iam_role_policy_attachment.workers_additional_policies",
            "module.eks.aws_launch_configuration.workers",
            "module.eks.aws_security_group.cluster",
            "module.eks.aws_security_group.workers",
            "module.eks.aws_security_group_rule.cluster_egress_internet",
            "module.eks.aws_security_group_rule.cluster_https_worker_ingress",
            "module.eks.aws_security_group_rule.cluster_primary_ingress_workers",
            "module.eks.aws_security_group_rule.workers_egress_internet",
            "module.eks.aws_security_group_rule.workers_ingress_cluster",
            "module.eks.aws_security_group_rule.workers_ingress_cluster_https",
            "module.eks.aws_security_group_rule.workers_ingress_cluster_kubelet",
            "module.eks.aws_security_group_rule.workers_ingress_cluster_primary",
            "module.eks.aws_security_group_rule.workers_ingress_self",
            "module.eks.data.aws_ami.eks_worker",
            "module.eks.data.aws_ami.eks_worker_windows",
            "module.eks.data.aws_iam_instance_profile.custom_worker_group_iam_instance_profile",
            "module.eks.data.aws_iam_policy_document.cluster_assume_role_policy",
            "module.eks.data.aws_iam_policy_document.workers_assume_role_policy",
            "module.eks.data.aws_iam_role.custom_cluster_iam_role",
            "module.eks.data.aws_partition.current",
            "module.eks.data.template_file.userdata",
            "module.vpc.aws_subnet.private",
            "module.vpc.aws_vpc.this",
            "module.vpc.aws_vpc_ipv4_cidr_block_association.this",
            "random_string.suffix"
          ],
          "create_before_destroy": true
        },
        {
          "index_key": 1,
          "schema_version": 0,
          "attributes": {
            "id": "needed-honeybee",
            "keepers": {
              "lc_name": "training-eks-chwxBQAU-worker-group-220201127022004421900000013"
            },
            "length": 2,
            "prefix": null,
            "separator": "-"
          },
          "private": "bnVsbA==",
          "dependencies": [
            "aws_security_group.worker_group_mgmt_one",
            "aws_security_group.worker_group_mgmt_two",
            "data.aws_availability_zones.available",
            "module.eks.aws_cloudwatch_log_group.this",
            "module.eks.aws_eks_cluster.this",
            "module.eks.aws_iam_instance_profile.workers",
            "module.eks.aws_iam_role.cluster",
            "module.eks.aws_iam_role.workers",
            "module.eks.aws_iam_role_policy_attachment.cluster_AmazonEKSClusterPolicy",
            "module.eks.aws_iam_role_policy_attachment.cluster_AmazonEKSServicePolicy",
            "module.eks.aws_iam_role_policy_attachment.cluster_AmazonEKSVPCResourceControllerPolicy",
            "module.eks.aws_iam_role_policy_attachment.workers_AmazonEC2ContainerRegistryReadOnly",
            "module.eks.aws_iam_role_policy_attachment.workers_AmazonEKSWorkerNodePolicy",
            "module.eks.aws_iam_role_policy_attachment.workers_AmazonEKS_CNI_Policy",
            "module.eks.aws_iam_role_policy_attachment.workers_additional_policies",
            "module.eks.aws_launch_configuration.workers",
            "module.eks.aws_security_group.cluster",
            "module.eks.aws_security_group.workers",
            "module.eks.aws_security_group_rule.cluster_egress_internet",
            "module.eks.aws_security_group_rule.cluster_https_worker_ingress",
            "module.eks.aws_security_group_rule.cluster_primary_ingress_workers",
            "module.eks.aws_security_group_rule.workers_egress_internet",
            "module.eks.aws_security_group_rule.workers_ingress_cluster",
            "module.eks.aws_security_group_rule.workers_ingress_cluster_https",
            "module.eks.aws_security_group_rule.workers_ingress_cluster_kubelet",
            "module.eks.aws_security_group_rule.workers_ingress_cluster_primary",
            "module.eks.aws_security_group_rule.workers_ingress_self",
            "module.eks.data.aws_ami.eks_worker",
            "module.eks.data.aws_ami.eks_worker_windows",
            "module.eks.data.aws_iam_instance_profile.custom_worker_group_iam_instance_profile",
            "module.eks.data.aws_iam_policy_document.cluster_assume_role_policy",
            "module.eks.data.aws_iam_policy_document.workers_assume_role_policy",
            "module.eks.data.aws_iam_role.custom_cluster_iam_role",
            "module.eks.data.aws_partition.current",
            "module.eks.data.template_file.userdata",
            "module.vpc.aws_subnet.private",
            "module.vpc.aws_vpc.this",
            "module.vpc.aws_vpc_ipv4_cidr_block_association.this",
            "random_string.suffix"
          ],
          "create_before_destroy": true
        }
      ]
    },
    {
      "module": "module.vpc",
      "mode": "managed",
      "type": "aws_eip",
      "name": "nat",
      "provider": "provider[\"registry.terraform.io/hashicorp/aws\"]",
      "instances": [
        {
          "index_key": 0,
          "schema_version": 0,
          "attributes": {
            "allocation_id": null,
            "associate_with_private_ip": null,
            "association_id": "",
            "customer_owned_ip": "",
            "customer_owned_ipv4_pool": "",
            "domain": "vpc",
            "id": "eipalloc-0dbc4cac64cec9c30",
            "instance": "",
            "network_border_group": "us-east-2",
            "network_interface": "",
            "private_dns": null,
            "private_ip": "",
            "public_dns": "ec2-3-139-140-95.us-east-2.compute.amazonaws.com",
            "public_ip": "3.139.140.95",
            "public_ipv4_pool": "amazon",
            "tags": {
              "Name": "training-vpc-us-east-2a",
              "kubernetes.io/cluster/training-eks-chwxBQAU": "shared"
            },
            "timeouts": null,
            "vpc": true
          },
          "private": "eyJlMmJmYjczMC1lY2FhLTExZTYtOGY4OC0zNDM2M2JjN2M0YzAiOnsiZGVsZXRlIjoxODAwMDAwMDAwMDAsInJlYWQiOjkwMDAwMDAwMDAwMCwidXBkYXRlIjozMDAwMDAwMDAwMDB9fQ==",
          "dependencies": [
            "data.aws_availability_zones.available",
            "random_string.suffix"
          ]
        }
      ]
    },
    {
      "module": "module.vpc",
      "mode": "managed",
      "type": "aws_internet_gateway",
      "name": "this",
      "provider": "provider[\"registry.terraform.io/hashicorp/aws\"]",
      "instances": [
        {
          "index_key": 0,
          "schema_version": 0,
          "attributes": {
            "arn": "arn:aws:ec2:us-east-2:714695812985:internet-gateway/igw-0352e06891728023c",
            "id": "igw-0352e06891728023c",
            "owner_id": "714695812985",
            "tags": {
              "Name": "training-vpc",
              "kubernetes.io/cluster/training-eks-chwxBQAU": "shared"
            },
            "vpc_id": "vpc-0ffd122a836d730ff"
          },
          "private": "bnVsbA==",
          "dependencies": [
            "module.vpc.aws_vpc.this",
            "module.vpc.aws_vpc_ipv4_cidr_block_association.this",
            "random_string.suffix"
          ]
        }
      ]
    },
    {
      "module": "module.vpc",
      "mode": "managed",
      "type": "aws_nat_gateway",
      "name": "this",
      "provider": "provider[\"registry.terraform.io/hashicorp/aws\"]",
      "instances": [
        {
          "index_key": 0,
          "schema_version": 0,
          "attributes": {
            "allocation_id": "eipalloc-0dbc4cac64cec9c30",
            "id": "nat-03a5fe2e48c8c4a30",
            "network_interface_id": "eni-04b42569b73020b3d",
            "private_ip": "10.0.4.68",
            "public_ip": "3.139.140.95",
            "subnet_id": "subnet-06ad6490d37823f96",
            "tags": {
              "Name": "training-vpc-us-east-2a",
              "kubernetes.io/cluster/training-eks-chwxBQAU": "shared"
            }
          },
          "private": "bnVsbA==",
          "dependencies": [
            "data.aws_availability_zones.available",
            "module.vpc.aws_eip.nat",
            "module.vpc.aws_internet_gateway.this",
            "module.vpc.aws_subnet.public",
            "module.vpc.aws_vpc.this",
            "module.vpc.aws_vpc_ipv4_cidr_block_association.this",
            "random_string.suffix"
          ]
        }
      ]
    },
    {
      "module": "module.vpc",
      "mode": "managed",
      "type": "aws_route",
      "name": "private_nat_gateway",
      "provider": "provider[\"registry.terraform.io/hashicorp/aws\"]",
      "instances": [
        {
          "index_key": 0,
          "schema_version": 0,
          "attributes": {
            "destination_cidr_block": "0.0.0.0/0",
            "destination_ipv6_cidr_block": "",
            "destination_prefix_list_id": "",
            "egress_only_gateway_id": "",
            "gateway_id": "",
            "id": "r-rtb-0ae58aa88a6e3845b1080289494",
            "instance_id": "",
            "instance_owner_id": "",
            "local_gateway_id": "",
            "nat_gateway_id": "nat-03a5fe2e48c8c4a30",
            "network_interface_id": "",
            "origin": "CreateRoute",
            "route_table_id": "rtb-0ae58aa88a6e3845b",
            "state": "active",
            "timeouts": {
              "create": "5m",
              "delete": null
            },
            "transit_gateway_id": "",
            "vpc_endpoint_id": null,
            "vpc_peering_connection_id": ""
          },
          "private": "eyJlMmJmYjczMC1lY2FhLTExZTYtOGY4OC0zNDM2M2JjN2M0YzAiOnsiY3JlYXRlIjozMDAwMDAwMDAwMDAsImRlbGV0ZSI6MzAwMDAwMDAwMDAwfX0=",
          "dependencies": [
            "data.aws_availability_zones.available",
            "module.vpc.aws_eip.nat",
            "module.vpc.aws_internet_gateway.this",
            "module.vpc.aws_nat_gateway.this",
            "module.vpc.aws_route_table.private",
            "module.vpc.aws_subnet.public",
            "module.vpc.aws_vpc.this",
            "module.vpc.aws_vpc_ipv4_cidr_block_association.this",
            "random_string.suffix"
          ]
        }
      ]
    },
    {
      "module": "module.vpc",
      "mode": "managed",
      "type": "aws_route",
      "name": "public_internet_gateway",
      "provider": "provider[\"registry.terraform.io/hashicorp/aws\"]",
      "instances": [
        {
          "index_key": 0,
          "schema_version": 0,
          "attributes": {
            "destination_cidr_block": "0.0.0.0/0",
            "destination_ipv6_cidr_block": "",
            "destination_prefix_list_id": "",
            "egress_only_gateway_id": "",
            "gateway_id": "igw-0352e06891728023c",
            "id": "r-rtb-0534af31ee6a1c74d1080289494",
            "instance_id": "",
            "instance_owner_id": "",
            "local_gateway_id": "",
            "nat_gateway_id": "",
            "network_interface_id": "",
            "origin": "CreateRoute",
            "route_table_id": "rtb-0534af31ee6a1c74d",
            "state": "active",
            "timeouts": {
              "create": "5m",
              "delete": null
            },
            "transit_gateway_id": "",
            "vpc_endpoint_id": null,
            "vpc_peering_connection_id": ""
          },
          "private": "eyJlMmJmYjczMC1lY2FhLTExZTYtOGY4OC0zNDM2M2JjN2M0YzAiOnsiY3JlYXRlIjozMDAwMDAwMDAwMDAsImRlbGV0ZSI6MzAwMDAwMDAwMDAwfX0=",
          "dependencies": [
            "module.vpc.aws_internet_gateway.this",
            "module.vpc.aws_route_table.public",
            "module.vpc.aws_vpc.this",
            "module.vpc.aws_vpc_ipv4_cidr_block_association.this",
            "random_string.suffix"
          ]
        }
      ]
    },
    {
      "module": "module.vpc",
      "mode": "managed",
      "type": "aws_route_table",
      "name": "private",
      "provider": "provider[\"registry.terraform.io/hashicorp/aws\"]",
      "instances": [
        {
          "index_key": 0,
          "schema_version": 0,
          "attributes": {
            "id": "rtb-0ae58aa88a6e3845b",
            "owner_id": "714695812985",
            "propagating_vgws": [],
            "route": [],
            "tags": {
              "Name": "training-vpc-private",
              "kubernetes.io/cluster/training-eks-chwxBQAU": "shared"
            },
            "vpc_id": "vpc-0ffd122a836d730ff"
          },
          "private": "bnVsbA==",
          "dependencies": [
            "data.aws_availability_zones.available",
            "module.vpc.aws_vpc.this",
            "module.vpc.aws_vpc_ipv4_cidr_block_association.this",
            "random_string.suffix"
          ]
        }
      ]
    },
    {
      "module": "module.vpc",
      "mode": "managed",
      "type": "aws_route_table",
      "name": "public",
      "provider": "provider[\"registry.terraform.io/hashicorp/aws\"]",
      "instances": [
        {
          "index_key": 0,
          "schema_version": 0,
          "attributes": {
            "id": "rtb-0534af31ee6a1c74d",
            "owner_id": "714695812985",
            "propagating_vgws": [],
            "route": [],
            "tags": {
              "Name": "training-vpc-public",
              "kubernetes.io/cluster/training-eks-chwxBQAU": "shared"
            },
            "vpc_id": "vpc-0ffd122a836d730ff"
          },
          "private": "bnVsbA==",
          "dependencies": [
            "module.vpc.aws_vpc.this",
            "module.vpc.aws_vpc_ipv4_cidr_block_association.this",
            "random_string.suffix"
          ]
        }
      ]
    },
    {
      "module": "module.vpc",
      "mode": "managed",
      "type": "aws_route_table_association",
      "name": "private",
      "provider": "provider[\"registry.terraform.io/hashicorp/aws\"]",
      "instances": [
        {
          "index_key": 0,
          "schema_version": 0,
          "attributes": {
            "gateway_id": null,
            "id": "rtbassoc-0fa0e6562f01230c7",
            "route_table_id": "rtb-0ae58aa88a6e3845b",
            "subnet_id": "subnet-0beb18de7569a7290"
          },
          "private": "bnVsbA==",
          "dependencies": [
            "data.aws_availability_zones.available",
            "module.vpc.aws_route_table.private",
            "module.vpc.aws_subnet.private",
            "module.vpc.aws_vpc.this",
            "module.vpc.aws_vpc_ipv4_cidr_block_association.this",
            "random_string.suffix"
          ]
        },
        {
          "index_key": 1,
          "schema_version": 0,
          "attributes": {
            "gateway_id": null,
            "id": "rtbassoc-0bf4709d9a45251fa",
            "route_table_id": "rtb-0ae58aa88a6e3845b",
            "subnet_id": "subnet-0205fd47efd5b5b00"
          },
          "private": "bnVsbA==",
          "dependencies": [
            "data.aws_availability_zones.available",
            "module.vpc.aws_route_table.private",
            "module.vpc.aws_subnet.private",
            "module.vpc.aws_vpc.this",
            "module.vpc.aws_vpc_ipv4_cidr_block_association.this",
            "random_string.suffix"
          ]
        },
        {
          "index_key": 2,
          "schema_version": 0,
          "attributes": {
            "gateway_id": null,
            "id": "rtbassoc-05f826cee0255f43f",
            "route_table_id": "rtb-0ae58aa88a6e3845b",
            "subnet_id": "subnet-06db2edd9305162c3"
          },
          "private": "bnVsbA==",
          "dependencies": [
            "data.aws_availability_zones.available",
            "module.vpc.aws_route_table.private",
            "module.vpc.aws_subnet.private",
            "module.vpc.aws_vpc.this",
            "module.vpc.aws_vpc_ipv4_cidr_block_association.this",
            "random_string.suffix"
          ]
        }
      ]
    },
    {
      "module": "module.vpc",
      "mode": "managed",
      "type": "aws_route_table_association",
      "name": "public",
      "provider": "provider[\"registry.terraform.io/hashicorp/aws\"]",
      "instances": [
        {
          "index_key": 0,
          "schema_version": 0,
          "attributes": {
            "gateway_id": null,
            "id": "rtbassoc-05ce8ee2c446bd8df",
            "route_table_id": "rtb-0534af31ee6a1c74d",
            "subnet_id": "subnet-06ad6490d37823f96"
          },
          "private": "bnVsbA==",
          "dependencies": [
            "data.aws_availability_zones.available",
            "module.vpc.aws_route_table.public",
            "module.vpc.aws_subnet.public",
            "module.vpc.aws_vpc.this",
            "module.vpc.aws_vpc_ipv4_cidr_block_association.this",
            "random_string.suffix"
          ]
        },
        {
          "index_key": 1,
          "schema_version": 0,
          "attributes": {
            "gateway_id": null,
            "id": "rtbassoc-0499e27ff2d8f5339",
            "route_table_id": "rtb-0534af31ee6a1c74d",
            "subnet_id": "subnet-0c0f0bba6c31e3c1d"
          },
          "private": "bnVsbA==",
          "dependencies": [
            "data.aws_availability_zones.available",
            "module.vpc.aws_route_table.public",
            "module.vpc.aws_subnet.public",
            "module.vpc.aws_vpc.this",
            "module.vpc.aws_vpc_ipv4_cidr_block_association.this",
            "random_string.suffix"
          ]
        },
        {
          "index_key": 2,
          "schema_version": 0,
          "attributes": {
            "gateway_id": null,
            "id": "rtbassoc-076f64dcc31497204",
            "route_table_id": "rtb-0534af31ee6a1c74d",
            "subnet_id": "subnet-058169ea67d8b330a"
          },
          "private": "bnVsbA==",
          "dependencies": [
            "data.aws_availability_zones.available",
            "module.vpc.aws_route_table.public",
            "module.vpc.aws_subnet.public",
            "module.vpc.aws_vpc.this",
            "module.vpc.aws_vpc_ipv4_cidr_block_association.this",
            "random_string.suffix"
          ]
        }
      ]
    },
    {
      "module": "module.vpc",
      "mode": "managed",
      "type": "aws_subnet",
      "name": "private",
      "provider": "provider[\"registry.terraform.io/hashicorp/aws\"]",
      "instances": [
        {
          "index_key": 0,
          "schema_version": 1,
          "attributes": {
            "arn": "arn:aws:ec2:us-east-2:714695812985:subnet/subnet-0beb18de7569a7290",
            "assign_ipv6_address_on_creation": false,
            "availability_zone": "us-east-2a",
            "availability_zone_id": "use2-az1",
            "cidr_block": "10.0.1.0/24",
            "id": "subnet-0beb18de7569a7290",
            "ipv6_cidr_block": "",
            "ipv6_cidr_block_association_id": "",
            "map_public_ip_on_launch": false,
            "outpost_arn": "",
            "owner_id": "714695812985",
            "tags": {
              "Name": "training-vpc-private-us-east-2a",
              "kubernetes.io/cluster/training-eks-chwxBQAU": "shared",
              "kubernetes.io/role/internal-elb": "1"
            },
            "timeouts": null,
            "vpc_id": "vpc-0ffd122a836d730ff"
          },
          "private": "eyJlMmJmYjczMC1lY2FhLTExZTYtOGY4OC0zNDM2M2JjN2M0YzAiOnsiY3JlYXRlIjo2MDAwMDAwMDAwMDAsImRlbGV0ZSI6MTIwMDAwMDAwMDAwMH0sInNjaGVtYV92ZXJzaW9uIjoiMSJ9",
          "dependencies": [
            "data.aws_availability_zones.available",
            "module.vpc.aws_vpc.this",
            "module.vpc.aws_vpc_ipv4_cidr_block_association.this",
            "random_string.suffix"
          ],
          "create_before_destroy": true
        },
        {
          "index_key": 1,
          "schema_version": 1,
          "attributes": {
            "arn": "arn:aws:ec2:us-east-2:714695812985:subnet/subnet-0205fd47efd5b5b00",
            "assign_ipv6_address_on_creation": false,
            "availability_zone": "us-east-2b",
            "availability_zone_id": "use2-az2",
            "cidr_block": "10.0.2.0/24",
            "id": "subnet-0205fd47efd5b5b00",
            "ipv6_cidr_block": "",
            "ipv6_cidr_block_association_id": "",
            "map_public_ip_on_launch": false,
            "outpost_arn": "",
            "owner_id": "714695812985",
            "tags": {
              "Name": "training-vpc-private-us-east-2b",
              "kubernetes.io/cluster/training-eks-chwxBQAU": "shared",
              "kubernetes.io/role/internal-elb": "1"
            },
            "timeouts": null,
            "vpc_id": "vpc-0ffd122a836d730ff"
          },
          "private": "eyJlMmJmYjczMC1lY2FhLTExZTYtOGY4OC0zNDM2M2JjN2M0YzAiOnsiY3JlYXRlIjo2MDAwMDAwMDAwMDAsImRlbGV0ZSI6MTIwMDAwMDAwMDAwMH0sInNjaGVtYV92ZXJzaW9uIjoiMSJ9",
          "dependencies": [
            "data.aws_availability_zones.available",
            "module.vpc.aws_vpc.this",
            "module.vpc.aws_vpc_ipv4_cidr_block_association.this",
            "random_string.suffix"
          ],
          "create_before_destroy": true
        },
        {
          "index_key": 2,
          "schema_version": 1,
          "attributes": {
            "arn": "arn:aws:ec2:us-east-2:714695812985:subnet/subnet-06db2edd9305162c3",
            "assign_ipv6_address_on_creation": false,
            "availability_zone": "us-east-2c",
            "availability_zone_id": "use2-az3",
            "cidr_block": "10.0.3.0/24",
            "id": "subnet-06db2edd9305162c3",
            "ipv6_cidr_block": "",
            "ipv6_cidr_block_association_id": "",
            "map_public_ip_on_launch": false,
            "outpost_arn": "",
            "owner_id": "714695812985",
            "tags": {
              "Name": "training-vpc-private-us-east-2c",
              "kubernetes.io/cluster/training-eks-chwxBQAU": "shared",
              "kubernetes.io/role/internal-elb": "1"
            },
            "timeouts": null,
            "vpc_id": "vpc-0ffd122a836d730ff"
          },
          "private": "eyJlMmJmYjczMC1lY2FhLTExZTYtOGY4OC0zNDM2M2JjN2M0YzAiOnsiY3JlYXRlIjo2MDAwMDAwMDAwMDAsImRlbGV0ZSI6MTIwMDAwMDAwMDAwMH0sInNjaGVtYV92ZXJzaW9uIjoiMSJ9",
          "dependencies": [
            "data.aws_availability_zones.available",
            "module.vpc.aws_vpc.this",
            "module.vpc.aws_vpc_ipv4_cidr_block_association.this",
            "random_string.suffix"
          ],
          "create_before_destroy": true
        }
      ]
    },
    {
      "module": "module.vpc",
      "mode": "managed",
      "type": "aws_subnet",
      "name": "public",
      "provider": "provider[\"registry.terraform.io/hashicorp/aws\"]",
      "instances": [
        {
          "index_key": 0,
          "schema_version": 1,
          "attributes": {
            "arn": "arn:aws:ec2:us-east-2:714695812985:subnet/subnet-06ad6490d37823f96",
            "assign_ipv6_address_on_creation": false,
            "availability_zone": "us-east-2a",
            "availability_zone_id": "use2-az1",
            "cidr_block": "10.0.4.0/24",
            "id": "subnet-06ad6490d37823f96",
            "ipv6_cidr_block": "",
            "ipv6_cidr_block_association_id": "",
            "map_public_ip_on_launch": true,
            "outpost_arn": "",
            "owner_id": "714695812985",
            "tags": {
              "Name": "training-vpc-public-us-east-2a",
              "kubernetes.io/cluster/training-eks-chwxBQAU": "shared",
              "kubernetes.io/role/elb": "1"
            },
            "timeouts": null,
            "vpc_id": "vpc-0ffd122a836d730ff"
          },
          "private": "eyJlMmJmYjczMC1lY2FhLTExZTYtOGY4OC0zNDM2M2JjN2M0YzAiOnsiY3JlYXRlIjo2MDAwMDAwMDAwMDAsImRlbGV0ZSI6MTIwMDAwMDAwMDAwMH0sInNjaGVtYV92ZXJzaW9uIjoiMSJ9",
          "dependencies": [
            "data.aws_availability_zones.available",
            "module.vpc.aws_vpc.this",
            "module.vpc.aws_vpc_ipv4_cidr_block_association.this",
            "random_string.suffix"
          ]
        },
        {
          "index_key": 1,
          "schema_version": 1,
          "attributes": {
            "arn": "arn:aws:ec2:us-east-2:714695812985:subnet/subnet-0c0f0bba6c31e3c1d",
            "assign_ipv6_address_on_creation": false,
            "availability_zone": "us-east-2b",
            "availability_zone_id": "use2-az2",
            "cidr_block": "10.0.5.0/24",
            "id": "subnet-0c0f0bba6c31e3c1d",
            "ipv6_cidr_block": "",
            "ipv6_cidr_block_association_id": "",
            "map_public_ip_on_launch": true,
            "outpost_arn": "",
            "owner_id": "714695812985",
            "tags": {
              "Name": "training-vpc-public-us-east-2b",
              "kubernetes.io/cluster/training-eks-chwxBQAU": "shared",
              "kubernetes.io/role/elb": "1"
            },
            "timeouts": null,
            "vpc_id": "vpc-0ffd122a836d730ff"
          },
          "private": "eyJlMmJmYjczMC1lY2FhLTExZTYtOGY4OC0zNDM2M2JjN2M0YzAiOnsiY3JlYXRlIjo2MDAwMDAwMDAwMDAsImRlbGV0ZSI6MTIwMDAwMDAwMDAwMH0sInNjaGVtYV92ZXJzaW9uIjoiMSJ9",
          "dependencies": [
            "data.aws_availability_zones.available",
            "module.vpc.aws_vpc.this",
            "module.vpc.aws_vpc_ipv4_cidr_block_association.this",
            "random_string.suffix"
          ]
        },
        {
          "index_key": 2,
          "schema_version": 1,
          "attributes": {
            "arn": "arn:aws:ec2:us-east-2:714695812985:subnet/subnet-058169ea67d8b330a",
            "assign_ipv6_address_on_creation": false,
            "availability_zone": "us-east-2c",
            "availability_zone_id": "use2-az3",
            "cidr_block": "10.0.6.0/24",
            "id": "subnet-058169ea67d8b330a",
            "ipv6_cidr_block": "",
            "ipv6_cidr_block_association_id": "",
            "map_public_ip_on_launch": true,
            "outpost_arn": "",
            "owner_id": "714695812985",
            "tags": {
              "Name": "training-vpc-public-us-east-2c",
              "kubernetes.io/cluster/training-eks-chwxBQAU": "shared",
              "kubernetes.io/role/elb": "1"
            },
            "timeouts": null,
            "vpc_id": "vpc-0ffd122a836d730ff"
          },
          "private": "eyJlMmJmYjczMC1lY2FhLTExZTYtOGY4OC0zNDM2M2JjN2M0YzAiOnsiY3JlYXRlIjo2MDAwMDAwMDAwMDAsImRlbGV0ZSI6MTIwMDAwMDAwMDAwMH0sInNjaGVtYV92ZXJzaW9uIjoiMSJ9",
          "dependencies": [
            "data.aws_availability_zones.available",
            "module.vpc.aws_vpc.this",
            "module.vpc.aws_vpc_ipv4_cidr_block_association.this",
            "random_string.suffix"
          ]
        }
      ]
    },
    {
      "module": "module.vpc",
      "mode": "managed",
      "type": "aws_vpc",
      "name": "this",
      "provider": "provider[\"registry.terraform.io/hashicorp/aws\"]",
      "instances": [
        {
          "index_key": 0,
          "schema_version": 1,
          "attributes": {
            "arn": "arn:aws:ec2:us-east-2:714695812985:vpc/vpc-0ffd122a836d730ff",
            "assign_generated_ipv6_cidr_block": false,
            "cidr_block": "10.0.0.0/16",
            "default_network_acl_id": "acl-000c634d40707e3f2",
            "default_route_table_id": "rtb-033c4d6c3a1312830",
            "default_security_group_id": "sg-0599d9340aa5cca43",
            "dhcp_options_id": "dopt-c3479aa8",
            "enable_classiclink": null,
            "enable_classiclink_dns_support": null,
            "enable_dns_hostnames": true,
            "enable_dns_support": true,
            "id": "vpc-0ffd122a836d730ff",
            "instance_tenancy": "default",
            "ipv6_association_id": "",
            "ipv6_cidr_block": "",
            "main_route_table_id": "rtb-033c4d6c3a1312830",
            "owner_id": "714695812985",
            "tags": {
              "Name": "training-vpc",
              "kubernetes.io/cluster/training-eks-chwxBQAU": "shared"
            }
          },
          "private": "eyJzY2hlbWFfdmVyc2lvbiI6IjEifQ==",
          "dependencies": [
            "random_string.suffix"
          ],
          "create_before_destroy": true
        }
      ]
    }
  ]
}
